<?xml version="1.0"?>
<CONFIG>
  <ProjectOptions>
    <Version Value="9"/>
    <PathDelim Value="\"/>
    <General>
      <MainUnit Value="0"/>
      <ResourceType Value="res"/>
      <UseXPManifest Value="True"/>
      <Icon Value="0"/>
      <ActiveWindowIndexAtStart Value="0"/>
    </General>
    <i18n>
      <EnableI18N LFM="False"/>
    </i18n>
    <VersionInfo>
      <StringTable ProductVersion=""/>
    </VersionInfo>
    <BuildModes Count="1" Active="Default">
      <Item1 Name="Default" Default="True"/>
    </BuildModes>
    <PublishOptions>
      <Version Value="2"/>
      <IncludeFileFilter Value="*.(pas|pp|inc|lfm|lpr|lrs|lpi|lpk|sh|xml)"/>
      <ExcludeFileFilter Value="*.(bak|ppu|o|so);*~;backup"/>
    </PublishOptions>
    <RunParams>
      <local>
        <FormatVersion Value="1"/>
      </local>
    </RunParams>
    <RequiredPackages Count="4">
      <Item1>
        <PackageName Value="LCLBase"/>
        <MinVersion Major="1" Release="1" Valid="True"/>
      </Item1>
      <Item2>
        <PackageName Value="SynEdit"/>
        <MinVersion Major="1" Valid="True"/>
      </Item2>
      <Item3>
        <PackageName Value="CoolDocking"/>
        <MinVersion Minor="2" Valid="True"/>
      </Item3>
      <Item4>
        <PackageName Value="LCL"/>
      </Item4>
    </RequiredPackages>
    <Units Count="57">
      <Unit0>
        <Filename Value="IDE.lpr"/>
        <IsPartOfProject Value="True"/>
        <UnitName Value="IDE"/>
        <WindowIndex Value="0"/>
        <TopLine Value="10"/>
        <CursorPos X="1" Y="34"/>
        <UsageCount Value="314"/>
      </Unit0>
      <Unit1>
        <Filename Value="UMainForm.pas"/>
        <IsPartOfProject Value="True"/>
        <ComponentName Value="MainForm"/>
        <HasResources Value="True"/>
        <ResourceBaseClass Value="Form"/>
        <UnitName Value="UMainForm"/>
        <EditorIndex Value="1"/>
        <WindowIndex Value="0"/>
        <TopLine Value="153"/>
        <CursorPos X="32" Y="163"/>
        <UsageCount Value="314"/>
        <Loaded Value="True"/>
        <LoadedDesigner Value="True"/>
      </Unit1>
      <Unit2>
        <Filename Value="UObjectInspectorForm.pas"/>
        <IsPartOfProject Value="True"/>
        <ComponentName Value="ObjectInspectorForm"/>
        <ResourceBaseClass Value="Form"/>
        <UnitName Value="UObjectInspectorForm"/>
        <WindowIndex Value="0"/>
        <TopLine Value="1"/>
        <CursorPos X="67" Y="2"/>
        <UsageCount Value="314"/>
      </Unit2>
      <Unit3>
        <Filename Value="UStructureForm.pas"/>
        <IsPartOfProject Value="True"/>
        <ComponentName Value="StructureForm"/>
        <ResourceBaseClass Value="Form"/>
        <UnitName Value="UStructureForm"/>
        <WindowIndex Value="0"/>
        <TopLine Value="4"/>
        <CursorPos X="37" Y="17"/>
        <UsageCount Value="314"/>
      </Unit3>
      <Unit4>
        <Filename Value="UToolPaletteForm.pas"/>
        <IsPartOfProject Value="True"/>
        <ComponentName Value="ToolPaletteForm"/>
        <ResourceBaseClass Value="Form"/>
        <UnitName Value="UToolPaletteForm"/>
        <WindowIndex Value="0"/>
        <TopLine Value="4"/>
        <CursorPos X="37" Y="17"/>
        <UsageCount Value="314"/>
      </Unit4>
      <Unit5>
        <Filename Value="E:\Projekty2\FreePascalManager\trunk\Instance\1\Lazarus\lcl\include\control.inc"/>
        <WindowIndex Value="0"/>
        <TopLine Value="2412"/>
        <CursorPos X="1" Y="2425"/>
        <UsageCount Value="144"/>
      </Unit5>
      <Unit6>
        <Filename Value="UProjectManagerForm.pas"/>
        <IsPartOfProject Value="True"/>
        <ComponentName Value="ProjectManagerForm"/>
        <HasResources Value="True"/>
        <ResourceBaseClass Value="Form"/>
        <UnitName Value="UProjectManagerForm"/>
        <EditorIndex Value="4"/>
        <WindowIndex Value="0"/>
        <TopLine Value="4"/>
        <CursorPos X="50" Y="6"/>
        <UsageCount Value="314"/>
        <Loaded Value="True"/>
        <LoadedDesigner Value="True"/>
      </Unit6>
      <Unit7>
        <Filename Value="E:\Projekty2\FreePascalManager\trunk\Instance\1\Lazarus\lcl\include\customform.inc"/>
        <WindowIndex Value="0"/>
        <TopLine Value="1350"/>
        <CursorPos X="1" Y="1363"/>
        <UsageCount Value="97"/>
      </Unit7>
      <Unit8>
        <Filename Value="UMessagesForm.pas"/>
        <IsPartOfProject Value="True"/>
        <ComponentName Value="MessagesForm"/>
        <ResourceBaseClass Value="Form"/>
        <UnitName Value="UMessagesForm"/>
        <WindowIndex Value="0"/>
        <TopLine Value="4"/>
        <CursorPos X="62" Y="7"/>
        <UsageCount Value="314"/>
      </Unit8>
      <Unit9>
        <Filename Value="UCallStackForm.pas"/>
        <IsPartOfProject Value="True"/>
        <ComponentName Value="CallStackForm"/>
        <ResourceBaseClass Value="Form"/>
        <UnitName Value="UCallStackForm"/>
        <WindowIndex Value="0"/>
        <TopLine Value="3"/>
        <CursorPos X="25" Y="18"/>
        <UsageCount Value="314"/>
      </Unit9>
      <Unit10>
        <Filename Value="ULocalVariablesForm.pas"/>
        <IsPartOfProject Value="True"/>
        <ComponentName Value="LocalVariablesForm"/>
        <ResourceBaseClass Value="Form"/>
        <UnitName Value="ULocalVariablesForm"/>
        <WindowIndex Value="0"/>
        <TopLine Value="5"/>
        <CursorPos X="61" Y="8"/>
        <UsageCount Value="314"/>
      </Unit10>
      <Unit11>
        <Filename Value="UToDoListForm.pas"/>
        <IsPartOfProject Value="True"/>
        <ComponentName Value="ToDoListForm"/>
        <ResourceBaseClass Value="Form"/>
        <UnitName Value="UToDoListForm"/>
        <WindowIndex Value="0"/>
        <TopLine Value="4"/>
        <CursorPos X="26" Y="17"/>
        <UsageCount Value="314"/>
      </Unit11>
      <Unit12>
        <Filename Value="UWatchListForm.pas"/>
        <IsPartOfProject Value="True"/>
        <ComponentName Value="WatchListForm"/>
        <HasResources Value="True"/>
        <ResourceBaseClass Value="Form"/>
        <UnitName Value="UWatchListForm"/>
        <EditorIndex Value="13"/>
        <WindowIndex Value="0"/>
        <TopLine Value="5"/>
        <CursorPos X="37" Y="18"/>
        <UsageCount Value="314"/>
        <Loaded Value="True"/>
        <LoadedDesigner Value="True"/>
      </Unit12>
      <Unit13>
        <Filename Value="UThreadStatusForm.pas"/>
        <IsPartOfProject Value="True"/>
        <ComponentName Value="ThreadStatusForm"/>
        <ResourceBaseClass Value="Form"/>
        <UnitName Value="UThreadStatusForm"/>
        <WindowIndex Value="0"/>
        <TopLine Value="4"/>
        <CursorPos X="37" Y="17"/>
        <UsageCount Value="314"/>
      </Unit13>
      <Unit14>
        <Filename Value="USourceEditorForm.pas"/>
        <IsPartOfProject Value="True"/>
        <ComponentName Value="SourceEditorForm"/>
        <ResourceBaseClass Value="Form"/>
        <UnitName Value="USourceEditorForm"/>
        <WindowIndex Value="0"/>
        <TopLine Value="9"/>
        <CursorPos X="28" Y="22"/>
        <UsageCount Value="312"/>
      </Unit14>
      <Unit15>
        <Filename Value="..\..\UCDClient.pas"/>
        <UnitName Value="UCDClient"/>
        <EditorIndex Value="5"/>
        <WindowIndex Value="0"/>
        <TopLine Value="81"/>
        <CursorPos X="1" Y="90"/>
        <UsageCount Value="138"/>
        <Loaded Value="True"/>
      </Unit15>
      <Unit16>
        <Filename Value="..\..\UCDLayout.pas"/>
        <UnitName Value="UCDLayout"/>
        <EditorIndex Value="11"/>
        <WindowIndex Value="0"/>
        <TopLine Value="361"/>
        <CursorPos X="49" Y="376"/>
        <UsageCount Value="51"/>
        <Loaded Value="True"/>
      </Unit16>
      <Unit17>
        <Filename Value="E:\Projekty2\FreePascalManager\trunk\Instance\1\FPC\rtl\objpas\classes\classesh.inc"/>
        <WindowIndex Value="0"/>
        <TopLine Value="1644"/>
        <CursorPos X="14" Y="1657"/>
        <UsageCount Value="12"/>
      </Unit17>
      <Unit18>
        <Filename Value="..\..\Common\URectangle.pas"/>
        <UnitName Value="URectangle"/>
        <WindowIndex Value="0"/>
        <TopLine Value="22"/>
        <CursorPos X="26" Y="32"/>
        <UsageCount Value="21"/>
      </Unit18>
      <Unit19>
        <Filename Value="E:\Projekty2\FreePascalManager\trunk\Instance\1\Lazarus\lcl\controls.pp"/>
        <UnitName Value="Controls"/>
        <WindowIndex Value="0"/>
        <TopLine Value="126"/>
        <CursorPos X="53" Y="130"/>
        <UsageCount Value="124"/>
      </Unit19>
      <Unit20>
        <Filename Value="E:\Projekty2\FreePascalManager\trunk\Instance\1\Lazarus\lcl\include\wincontrol.inc"/>
        <WindowIndex Value="0"/>
        <TopLine Value="6722"/>
        <CursorPos X="19" Y="6733"/>
        <UsageCount Value="111"/>
      </Unit20>
      <Unit21>
        <Filename Value="..\..\UCDCustomize.pas"/>
        <ComponentName Value="CDCustomizeForm"/>
        <HasResources Value="True"/>
        <ResourceBaseClass Value="Form"/>
        <UnitName Value="UCDCustomize"/>
        <WindowIndex Value="0"/>
        <TopLine Value="145"/>
        <CursorPos X="34" Y="147"/>
        <UsageCount Value="121"/>
      </Unit21>
      <Unit22>
        <Filename Value="..\..\UCDCommon.pas"/>
        <UnitName Value="UCDCommon"/>
        <EditorIndex Value="8"/>
        <WindowIndex Value="0"/>
        <TopLine Value="191"/>
        <CursorPos X="1" Y="216"/>
        <UsageCount Value="50"/>
        <Loaded Value="True"/>
      </Unit22>
      <Unit23>
        <Filename Value="..\..\UCDPopupMenu.pas"/>
        <UnitName Value="UCDPopupMenu"/>
        <EditorIndex Value="7"/>
        <WindowIndex Value="0"/>
        <TopLine Value="301"/>
        <CursorPos X="23" Y="310"/>
        <UsageCount Value="128"/>
        <Loaded Value="True"/>
      </Unit23>
      <Unit24>
        <Filename Value="..\..\Managers\UCDManagerTabs.pas"/>
        <UnitName Value="UCDManagerTabs"/>
        <EditorIndex Value="12"/>
        <WindowIndex Value="0"/>
        <TopLine Value="376"/>
        <CursorPos X="30" Y="392"/>
        <UsageCount Value="130"/>
        <Loaded Value="True"/>
      </Unit24>
      <Unit25>
        <Filename Value="..\..\Managers\UCDManagerRegions.pas"/>
        <UnitName Value="UCDManagerRegions"/>
        <IsVisibleTab Value="True"/>
        <EditorIndex Value="9"/>
        <WindowIndex Value="0"/>
        <TopLine Value="177"/>
        <CursorPos X="42" Y="192"/>
        <UsageCount Value="129"/>
        <Loaded Value="True"/>
      </Unit25>
      <Unit26>
        <Filename Value="..\..\Managers\UCDManagerTabsPopup.pas"/>
        <UnitName Value="UCDManagerTabsPopup"/>
        <EditorIndex Value="0"/>
        <WindowIndex Value="0"/>
        <TopLine Value="348"/>
        <CursorPos X="25" Y="351"/>
        <UsageCount Value="120"/>
        <Loaded Value="True"/>
      </Unit26>
      <Unit27>
        <Filename Value="UComponentTree.pas"/>
        <IsPartOfProject Value="True"/>
        <ComponentName Value="ComponentTree"/>
        <HasResources Value="True"/>
        <ResourceBaseClass Value="Form"/>
        <UnitName Value="UComponentTree"/>
        <WindowIndex Value="0"/>
        <TopLine Value="23"/>
        <CursorPos X="61" Y="27"/>
        <UsageCount Value="215"/>
      </Unit27>
      <Unit28>
        <Filename Value="..\..\UCDManager.pas"/>
        <UnitName Value="UCDManager"/>
        <EditorIndex Value="6"/>
        <WindowIndex Value="0"/>
        <TopLine Value="50"/>
        <CursorPos X="1" Y="72"/>
        <UsageCount Value="105"/>
        <Loaded Value="True"/>
      </Unit28>
      <Unit29>
        <Filename Value="..\..\UCDConjoinForm.pas"/>
        <UnitName Value="UCDConjoinForm"/>
        <EditorIndex Value="10"/>
        <WindowIndex Value="0"/>
        <TopLine Value="33"/>
        <CursorPos X="16" Y="40"/>
        <UsageCount Value="164"/>
        <Loaded Value="True"/>
      </Unit29>
      <Unit30>
        <Filename Value="E:\Projekty2\FreePascalManager\trunk\Instance\1\Lazarus\lcl\extctrls.pp"/>
        <UnitName Value="ExtCtrls"/>
        <WindowIndex Value="0"/>
        <TopLine Value="215"/>
        <CursorPos X="14" Y="228"/>
        <UsageCount Value="83"/>
      </Unit30>
      <Unit31>
        <Filename Value="..\..\UCDMaster.pas"/>
        <UnitName Value="UCDMaster"/>
        <WindowIndex Value="0"/>
        <TopLine Value="11"/>
        <CursorPos X="18" Y="19"/>
        <UsageCount Value="88"/>
      </Unit31>
      <Unit32>
        <Filename Value="E:\Projekty2\FreePascalManager\trunk\Instance\1\Lazarus\lcl\comctrls.pp"/>
        <UnitName Value="ComCtrls"/>
        <WindowIndex Value="0"/>
        <TopLine Value="290"/>
        <CursorPos X="45" Y="308"/>
        <UsageCount Value="78"/>
      </Unit32>
      <Unit33>
        <Filename Value="..\..\UCDWindowList.pas"/>
        <ComponentName Value="CDWindowListForm"/>
        <HasResources Value="True"/>
        <ResourceBaseClass Value="Form"/>
        <UnitName Value="UCDWindowList"/>
        <WindowIndex Value="0"/>
        <TopLine Value="33"/>
        <CursorPos X="1" Y="47"/>
        <UsageCount Value="10"/>
      </Unit33>
      <Unit34>
        <Filename Value="..\..\UCDResource.pas"/>
        <ComponentName Value="DataModule2"/>
        <ResourceBaseClass Value="DataModule"/>
        <UnitName Value="UCDResource"/>
        <WindowIndex Value="0"/>
        <TopLine Value="13"/>
        <CursorPos X="40" Y="31"/>
        <UsageCount Value="7"/>
      </Unit34>
      <Unit35>
        <Filename Value="E:\Projekty2\FreePascalManager\trunk\Instance\1\Lazarus\lcl\imglist.pp"/>
        <UnitName Value="ImgList"/>
        <WindowIndex Value="0"/>
        <TopLine Value="160"/>
        <CursorPos X="15" Y="188"/>
        <UsageCount Value="8"/>
      </Unit35>
      <Unit36>
        <Filename Value="E:\Projekty2\FreePascalManager\trunk\Instance\1\Lazarus\lcl\include\imglist.inc"/>
        <WindowIndex Value="0"/>
        <TopLine Value="53"/>
        <CursorPos X="1" Y="66"/>
        <UsageCount Value="8"/>
      </Unit36>
      <Unit37>
        <Filename Value="E:\Projekty2\FreePascalManager\trunk\Instance\1\Lazarus\lcl\lcltype.pp"/>
        <UnitName Value="LCLType"/>
        <WindowIndex Value="0"/>
        <TopLine Value="140"/>
        <CursorPos X="3" Y="153"/>
        <UsageCount Value="13"/>
      </Unit37>
      <Unit38>
        <Filename Value="E:\Projekty2\FreePascalManager\trunk\Instance\1\Lazarus\lcl\lclproc.pas"/>
        <UnitName Value="LCLProc"/>
        <WindowIndex Value="0"/>
        <TopLine Value="1531"/>
        <CursorPos X="1" Y="1544"/>
        <UsageCount Value="91"/>
      </Unit38>
      <Unit39>
        <Filename Value="E:\Projekty2\FreePascalManager\trunk\Instance\1\Lazarus\lcl\include\dragmanager.inc"/>
        <WindowIndex Value="0"/>
        <TopLine Value="553"/>
        <CursorPos X="79" Y="568"/>
        <UsageCount Value="76"/>
      </Unit39>
      <Unit40>
        <Filename Value="E:\Projekty2\FreePascalManager\trunk\Instance\1\Lazarus\lcl\lclmessageglue.pas"/>
        <UnitName Value="LCLMessageGlue"/>
        <WindowIndex Value="0"/>
        <TopLine Value="101"/>
        <CursorPos X="1" Y="122"/>
        <UsageCount Value="76"/>
      </Unit40>
      <Unit41>
        <Filename Value="E:\Projekty2\FreePascalManager\trunk\Instance\1\Lazarus\lcl\interfaces\win32\win32proc.pp"/>
        <UnitName Value="win32proc"/>
        <WindowIndex Value="0"/>
        <TopLine Value="756"/>
        <CursorPos X="1" Y="771"/>
        <UsageCount Value="76"/>
      </Unit41>
      <Unit42>
        <Filename Value="E:\Projekty2\FreePascalManager\trunk\Instance\1\Lazarus\lcl\interfaces\win32\win32wscontrols.pp"/>
        <UnitName Value="Win32WSControls"/>
        <WindowIndex Value="0"/>
        <TopLine Value="474"/>
        <CursorPos X="1" Y="488"/>
        <UsageCount Value="76"/>
      </Unit42>
      <Unit43>
        <Filename Value="E:\Projekty2\FreePascalManager\trunk\Instance\1\Lazarus\lcl\include\pagecontrol.inc"/>
        <WindowIndex Value="0"/>
        <TopLine Value="112"/>
        <CursorPos X="23" Y="123"/>
        <UsageCount Value="76"/>
      </Unit43>
      <Unit44>
        <Filename Value="E:\Projekty2\FreePascalManager\trunk\Instance\1\Lazarus\lcl\include\customcontrol.inc"/>
        <WindowIndex Value="0"/>
        <TopLine Value="48"/>
        <CursorPos X="1" Y="61"/>
        <UsageCount Value="76"/>
      </Unit44>
      <Unit45>
        <Filename Value="E:\Projekty2\FreePascalManager\trunk\Instance\1\Lazarus\lcl\include\scrollingwincontrol.inc"/>
        <WindowIndex Value="0"/>
        <TopLine Value="233"/>
        <CursorPos X="1" Y="256"/>
        <UsageCount Value="76"/>
      </Unit45>
      <Unit46>
        <Filename Value="E:\Projekty2\FreePascalManager\trunk\Instance\1\Lazarus\lcl\include\dragobject.inc"/>
        <WindowIndex Value="0"/>
        <TopLine Value="60"/>
        <CursorPos X="3" Y="62"/>
        <UsageCount Value="10"/>
      </Unit46>
      <Unit47>
        <Filename Value="E:\Projekty2\FreePascalManager\trunk\Instance\1\Lazarus\lcl\include\dragimagelist.inc"/>
        <WindowIndex Value="0"/>
        <TopLine Value="103"/>
        <CursorPos X="3" Y="109"/>
        <UsageCount Value="10"/>
      </Unit47>
      <Unit48>
        <Filename Value="E:\Projekty2\FreePascalManager\trunk\Instance\1\Lazarus\lcl\include\custompage.inc"/>
        <WindowIndex Value="0"/>
        <TopLine Value="113"/>
        <CursorPos X="15" Y="119"/>
        <UsageCount Value="11"/>
      </Unit48>
      <Unit49>
        <Filename Value="E:\Projekty2\FreePascalManager\trunk\Instance\1\Lazarus\lcl\stdctrls.pp"/>
        <UnitName Value="StdCtrls"/>
        <WindowIndex Value="0"/>
        <TopLine Value="1447"/>
        <CursorPos X="14" Y="1460"/>
        <UsageCount Value="14"/>
      </Unit49>
      <Unit50>
        <Filename Value="E:\Projekty2\FreePascalManager\trunk\Instance\1\Lazarus\lcl\graphics.pp"/>
        <UnitName Value="Graphics"/>
        <WindowIndex Value="0"/>
        <TopLine Value="959"/>
        <CursorPos X="14" Y="1161"/>
        <UsageCount Value="10"/>
      </Unit50>
      <Unit51>
        <Filename Value="E:\Projekty2\FreePascalManager\trunk\Instance\1\FPC\rtl\objpas\classes\classes.inc"/>
        <WindowIndex Value="0"/>
        <TopLine Value="514"/>
        <CursorPos X="5" Y="518"/>
        <UsageCount Value="12"/>
      </Unit51>
      <Unit52>
        <Filename Value="E:\Projekty2\FreePascalManager\trunk\Instance\1\FPC\rtl\objpas\classes\compon.inc"/>
        <WindowIndex Value="0"/>
        <TopLine Value="539"/>
        <CursorPos X="15" Y="547"/>
        <UsageCount Value="11"/>
      </Unit52>
      <Unit53>
        <Filename Value="E:\Projekty2\FreePascalManager\trunk\Instance\1\FPC\rtl\objpas\sysutils\sysstrh.inc"/>
        <WindowIndex Value="0"/>
        <TopLine Value="72"/>
        <CursorPos X="10" Y="85"/>
        <UsageCount Value="11"/>
      </Unit53>
      <Unit54>
        <Filename Value="E:\Projekty2\FreePascalManager\trunk\Instance\1\FPC\rtl\objpas\sysutils\sysstr.inc"/>
        <WindowIndex Value="0"/>
        <TopLine Value="194"/>
        <CursorPos X="3" Y="200"/>
        <UsageCount Value="11"/>
      </Unit54>
      <Unit55>
        <Filename Value="H:\Lazarus\1.1_2.6.0\lcl\include\wincontrol.inc"/>
        <EditorIndex Value="3"/>
        <WindowIndex Value="0"/>
        <TopLine Value="7876"/>
        <CursorPos X="1" Y="7889"/>
        <UsageCount Value="10"/>
        <Loaded Value="True"/>
      </Unit55>
      <Unit56>
        <Filename Value="H:\Lazarus\1.1_2.6.0\lcl\include\control.inc"/>
        <EditorIndex Value="2"/>
        <WindowIndex Value="0"/>
        <TopLine Value="5302"/>
        <CursorPos X="1" Y="5315"/>
        <UsageCount Value="10"/>
        <Loaded Value="True"/>
      </Unit56>
    </Units>
    <JumpHistory Count="30" HistoryIndex="29">
      <Position1>
        <Filename Value="..\..\UCDPopupMenu.pas"/>
        <Caret Line="304" Column="9" TopLine="299"/>
      </Position1>
      <Position2>
        <Filename Value="..\..\UCDPopupMenu.pas"/>
        <Caret Line="313" Column="18" TopLine="300"/>
      </Position2>
      <Position3>
        <Filename Value="..\..\UCDManager.pas"/>
        <Caret Line="79" Column="66" TopLine="61"/>
      </Position3>
      <Position4>
        <Filename Value="..\..\Managers\UCDManagerTabs.pas"/>
        <Caret Line="21" Column="62" TopLine="4"/>
      </Position4>
      <Position5>
        <Filename Value="..\..\Managers\UCDManagerTabs.pas"/>
        <Caret Line="16" Column="35" TopLine="8"/>
      </Position5>
      <Position6>
        <Filename Value="..\..\Managers\UCDManagerTabs.pas"/>
        <Caret Line="21" Column="1" TopLine="8"/>
      </Position6>
      <Position7>
        <Filename Value="..\..\Managers\UCDManagerRegions.pas"/>
        <Caret Line="23" Column="1" TopLine="8"/>
      </Position7>
      <Position8>
        <Filename Value="..\..\Managers\UCDManagerRegions.pas"/>
        <Caret Line="117" Column="39" TopLine="114"/>
      </Position8>
      <Position9>
        <Filename Value="..\..\Managers\UCDManagerRegions.pas"/>
        <Caret Line="16" Column="43" TopLine="10"/>
      </Position9>
      <Position10>
        <Filename Value="..\..\Managers\UCDManagerTabsPopup.pas"/>
        <Caret Line="252" Column="15" TopLine="235"/>
      </Position10>
      <Position11>
        <Filename Value="..\..\Managers\UCDManagerTabsPopup.pas"/>
        <Caret Line="251" Column="13" TopLine="235"/>
      </Position11>
      <Position12>
        <Filename Value="UMainForm.pas"/>
        <Caret Line="188" Column="7" TopLine="172"/>
      </Position12>
      <Position13>
        <Filename Value="UMainForm.pas"/>
        <Caret Line="167" Column="1" TopLine="150"/>
      </Position13>
      <Position14>
        <Filename Value="UMainForm.pas"/>
        <Caret Line="163" Column="73" TopLine="150"/>
      </Position14>
      <Position15>
        <Filename Value="UMainForm.pas"/>
        <Caret Line="183" Column="79" TopLine="162"/>
      </Position15>
      <Position16>
        <Filename Value="..\..\Managers\UCDManagerTabs.pas"/>
        <Caret Line="395" Column="1" TopLine="373"/>
      </Position16>
      <Position17>
        <Filename Value="..\..\Managers\UCDManagerTabs.pas"/>
        <Caret Line="170" Column="1" TopLine="157"/>
      </Position17>
      <Position18>
        <Filename Value="UProjectManagerForm.pas"/>
        <Caret Line="6" Column="50" TopLine="4"/>
      </Position18>
      <Position19>
        <Filename Value="UMainForm.pas"/>
        <Caret Line="183" Column="79" TopLine="162"/>
      </Position19>
      <Position20>
        <Filename Value="H:\Lazarus\1.1_2.6.0\lcl\include\wincontrol.inc"/>
        <Caret Line="6782" Column="32" TopLine="6763"/>
      </Position20>
      <Position21>
        <Filename Value="UMainForm.pas"/>
        <Caret Line="163" Column="32" TopLine="153"/>
      </Position21>
      <Position22>
        <Filename Value="H:\Lazarus\1.1_2.6.0\lcl\include\control.inc"/>
        <Caret Line="5315" Column="1" TopLine="5302"/>
      </Position22>
      <Position23>
        <Filename Value="..\..\Managers\UCDManagerTabsPopup.pas"/>
        <Caret Line="361" Column="1" TopLine="348"/>
      </Position23>
      <Position24>
        <Filename Value="H:\Lazarus\1.1_2.6.0\lcl\include\wincontrol.inc"/>
        <Caret Line="7889" Column="1" TopLine="7876"/>
      </Position24>
      <Position25>
        <Filename Value="..\..\Managers\UCDManagerTabsPopup.pas"/>
        <Caret Line="361" Column="1" TopLine="348"/>
      </Position25>
      <Position26>
        <Filename Value="..\..\UCDConjoinForm.pas"/>
        <Caret Line="44" Column="7" TopLine="33"/>
      </Position26>
      <Position27>
        <Filename Value="..\..\UCDConjoinForm.pas"/>
        <Caret Line="42" Column="6" TopLine="33"/>
      </Position27>
      <Position28>
        <Filename Value="..\..\UCDConjoinForm.pas"/>
        <Caret Line="54" Column="40" TopLine="33"/>
      </Position28>
      <Position29>
        <Filename Value="..\..\UCDConjoinForm.pas"/>
        <Caret Line="52" Column="37" TopLine="33"/>
      </Position29>
      <Position30>
        <Filename Value="..\..\UCDConjoinForm.pas"/>
        <Caret Line="40" Column="16" TopLine="33"/>
      </Position30>
    </JumpHistory>
  </ProjectOptions>
  <CompilerOptions>
    <Version Value="11"/>
    <PathDelim Value="\"/>
    <Target>
      <Filename Value="IDE"/>
    </Target>
    <SearchPaths>
      <IncludeFiles Value="$(ProjOutDir)"/>
      <UnitOutputDirectory Value="lib\$(TargetCPU)-$(TargetOS)"/>
    </SearchPaths>
    <CodeGeneration>
      <Checks>
        <IOChecks Value="True"/>
        <RangeChecks Value="True"/>
        <OverflowChecks Value="True"/>
        <StackChecks Value="True"/>
      </Checks>
      <VerifyObjMethodCallValidity Value="True"/>
    </CodeGeneration>
    <Linking>
      <Debugging>
        <UseHeaptrc Value="True"/>
      </Debugging>
      <Options>
        <Win32>
          <GraphicApplication Value="True"/>
        </Win32>
      </Options>
    </Linking>
    <Other>
      <CompilerMessages>
        <UseMsgFile Value="True"/>
      </CompilerMessages>
      <CompilerPath Value="$(CompPath)"/>
    </Other>
  </CompilerOptions>
  <Debugging>
    <BreakPoints Count="3">
      <Item1>
        <Kind Value="bpkSource"/>
        <WatchScope Value="wpsGlobal"/>
        <WatchKind Value="wpkWrite"/>
        <Source Value="E:\Projekty2\FreePascalManager\trunk\Instance\1\FPC\rtl\objpas\classes\classes.inc"/>
        <Line Value="517"/>
      </Item1>
      <Item2>
        <Kind Value="bpkSource"/>
        <WatchScope Value="wpsGlobal"/>
        <WatchKind Value="wpkWrite"/>
        <Source Value="E:\Projekty2\FreePascalManager\trunk\Instance\1\FPC\rtl\objpas\classes\compon.inc"/>
        <Line Value="371"/>
      </Item2>
      <Item3>
        <Kind Value="bpkSource"/>
        <WatchScope Value="wpsLocal"/>
        <WatchKind Value="wpkWrite"/>
        <Source Value="..\..\UCDConjoinForm.pas"/>
        <Line Value="41"/>
      </Item3>
    </BreakPoints>
    <Watches Count="1">
      <Item1>
        <Expression Value="Form"/>
      </Item1>
    </Watches>
    <Exceptions Count="3">
      <Item1>
        <Name Value="EAbort"/>
      </Item1>
      <Item2>
        <Name Value="ECodetoolError"/>
      </Item2>
      <Item3>
        <Name Value="EFOpenError"/>
      </Item3>
    </Exceptions>
  </Debugging>
</CONFIG>
