<?xml version="1.0"?>
<CONFIG>
  <ProjectOptions>
    <Version Value="9"/>
    <PathDelim Value="\"/>
    <General>
      <MainUnit Value="0"/>
      <ResourceType Value="res"/>
      <UseXPManifest Value="True"/>
      <Icon Value="0"/>
      <ActiveWindowIndexAtStart Value="0"/>
    </General>
    <i18n>
      <EnableI18N LFM="False"/>
    </i18n>
    <VersionInfo>
      <StringTable ProductVersion=""/>
    </VersionInfo>
    <BuildModes Count="1" Active="Default">
      <Item1 Name="Default" Default="True"/>
    </BuildModes>
    <PublishOptions>
      <Version Value="2"/>
      <IncludeFileFilter Value="*.(pas|pp|inc|lfm|lpr|lrs|lpi|lpk|sh|xml)"/>
      <ExcludeFileFilter Value="*.(bak|ppu|o|so);*~;backup"/>
    </PublishOptions>
    <RunParams>
      <local>
        <FormatVersion Value="1"/>
      </local>
    </RunParams>
    <RequiredPackages Count="4">
      <Item1>
        <PackageName Value="LCLBase"/>
        <MinVersion Major="1" Release="1" Valid="True"/>
      </Item1>
      <Item2>
        <PackageName Value="SynEdit"/>
        <MinVersion Major="1" Valid="True"/>
      </Item2>
      <Item3>
        <PackageName Value="CoolDocking"/>
        <MinVersion Minor="2" Valid="True"/>
      </Item3>
      <Item4>
        <PackageName Value="LCL"/>
      </Item4>
    </RequiredPackages>
    <Units Count="49">
      <Unit0>
        <Filename Value="IDE.lpr"/>
        <IsPartOfProject Value="True"/>
        <UnitName Value="IDE"/>
        <WindowIndex Value="0"/>
        <TopLine Value="10"/>
        <CursorPos X="26" Y="20"/>
        <UsageCount Value="314"/>
      </Unit0>
      <Unit1>
        <Filename Value="UMainForm.pas"/>
        <IsPartOfProject Value="True"/>
        <ComponentName Value="MainForm"/>
        <ResourceBaseClass Value="Form"/>
        <UnitName Value="UMainForm"/>
        <EditorIndex Value="1"/>
        <WindowIndex Value="0"/>
        <TopLine Value="90"/>
        <CursorPos X="27" Y="102"/>
        <UsageCount Value="314"/>
        <Loaded Value="True"/>
        <LoadedDesigner Value="True"/>
      </Unit1>
      <Unit2>
        <Filename Value="UObjectInspectorForm.pas"/>
        <IsPartOfProject Value="True"/>
        <ComponentName Value="ObjectInspectorForm"/>
        <ResourceBaseClass Value="Form"/>
        <UnitName Value="UObjectInspectorForm"/>
        <WindowIndex Value="0"/>
        <TopLine Value="1"/>
        <CursorPos X="67" Y="2"/>
        <UsageCount Value="314"/>
      </Unit2>
      <Unit3>
        <Filename Value="UStructureForm.pas"/>
        <IsPartOfProject Value="True"/>
        <ComponentName Value="StructureForm"/>
        <ResourceBaseClass Value="Form"/>
        <UnitName Value="UStructureForm"/>
        <WindowIndex Value="0"/>
        <TopLine Value="4"/>
        <CursorPos X="37" Y="17"/>
        <UsageCount Value="314"/>
      </Unit3>
      <Unit4>
        <Filename Value="UToolPaletteForm.pas"/>
        <IsPartOfProject Value="True"/>
        <ComponentName Value="ToolPaletteForm"/>
        <ResourceBaseClass Value="Form"/>
        <UnitName Value="UToolPaletteForm"/>
        <WindowIndex Value="0"/>
        <TopLine Value="4"/>
        <CursorPos X="37" Y="17"/>
        <UsageCount Value="314"/>
      </Unit4>
      <Unit5>
        <Filename Value="E:\Projekty2\FreePascalManager\trunk\Instance\1\Lazarus\lcl\include\control.inc"/>
        <WindowIndex Value="0"/>
        <TopLine Value="209"/>
        <CursorPos X="18" Y="230"/>
        <UsageCount Value="144"/>
      </Unit5>
      <Unit6>
        <Filename Value="UProjectManagerForm.pas"/>
        <IsPartOfProject Value="True"/>
        <ComponentName Value="ProjectManagerForm"/>
        <ResourceBaseClass Value="Form"/>
        <UnitName Value="UProjectManagerForm"/>
        <WindowIndex Value="0"/>
        <TopLine Value="4"/>
        <CursorPos X="50" Y="6"/>
        <UsageCount Value="314"/>
      </Unit6>
      <Unit7>
        <Filename Value="E:\Projekty2\FreePascalManager\trunk\Instance\1\Lazarus\lcl\include\customform.inc"/>
        <WindowIndex Value="0"/>
        <TopLine Value="1350"/>
        <CursorPos X="1" Y="1363"/>
        <UsageCount Value="97"/>
      </Unit7>
      <Unit8>
        <Filename Value="UMessagesForm.pas"/>
        <IsPartOfProject Value="True"/>
        <ComponentName Value="MessagesForm"/>
        <ResourceBaseClass Value="Form"/>
        <UnitName Value="UMessagesForm"/>
        <WindowIndex Value="0"/>
        <TopLine Value="4"/>
        <CursorPos X="62" Y="7"/>
        <UsageCount Value="314"/>
      </Unit8>
      <Unit9>
        <Filename Value="UCallStackForm.pas"/>
        <IsPartOfProject Value="True"/>
        <ComponentName Value="CallStackForm"/>
        <ResourceBaseClass Value="Form"/>
        <UnitName Value="UCallStackForm"/>
        <WindowIndex Value="0"/>
        <TopLine Value="3"/>
        <CursorPos X="25" Y="18"/>
        <UsageCount Value="314"/>
      </Unit9>
      <Unit10>
        <Filename Value="ULocalVariablesForm.pas"/>
        <IsPartOfProject Value="True"/>
        <ComponentName Value="LocalVariablesForm"/>
        <ResourceBaseClass Value="Form"/>
        <UnitName Value="ULocalVariablesForm"/>
        <WindowIndex Value="0"/>
        <TopLine Value="5"/>
        <CursorPos X="61" Y="8"/>
        <UsageCount Value="314"/>
      </Unit10>
      <Unit11>
        <Filename Value="UToDoListForm.pas"/>
        <IsPartOfProject Value="True"/>
        <ComponentName Value="ToDoListForm"/>
        <ResourceBaseClass Value="Form"/>
        <UnitName Value="UToDoListForm"/>
        <WindowIndex Value="0"/>
        <TopLine Value="4"/>
        <CursorPos X="26" Y="17"/>
        <UsageCount Value="314"/>
      </Unit11>
      <Unit12>
        <Filename Value="UWatchListForm.pas"/>
        <IsPartOfProject Value="True"/>
        <ComponentName Value="WatchListForm"/>
        <ResourceBaseClass Value="Form"/>
        <UnitName Value="UWatchListForm"/>
        <WindowIndex Value="0"/>
        <TopLine Value="5"/>
        <CursorPos X="37" Y="18"/>
        <UsageCount Value="314"/>
      </Unit12>
      <Unit13>
        <Filename Value="UThreadStatusForm.pas"/>
        <IsPartOfProject Value="True"/>
        <ComponentName Value="ThreadStatusForm"/>
        <ResourceBaseClass Value="Form"/>
        <UnitName Value="UThreadStatusForm"/>
        <WindowIndex Value="0"/>
        <TopLine Value="4"/>
        <CursorPos X="37" Y="17"/>
        <UsageCount Value="314"/>
      </Unit13>
      <Unit14>
        <Filename Value="USourceEditorForm.pas"/>
        <IsPartOfProject Value="True"/>
        <ComponentName Value="SourceEditorForm"/>
        <ResourceBaseClass Value="Form"/>
        <UnitName Value="USourceEditorForm"/>
        <WindowIndex Value="0"/>
        <TopLine Value="9"/>
        <CursorPos X="28" Y="22"/>
        <UsageCount Value="312"/>
      </Unit14>
      <Unit15>
        <Filename Value="..\..\UCDClient.pas"/>
        <UnitName Value="UCDClient"/>
        <EditorIndex Value="2"/>
        <WindowIndex Value="0"/>
        <TopLine Value="81"/>
        <CursorPos X="1" Y="90"/>
        <UsageCount Value="138"/>
        <Loaded Value="True"/>
      </Unit15>
      <Unit16>
        <Filename Value="..\..\UCDLayout.pas"/>
        <UnitName Value="UCDLayout"/>
        <WindowIndex Value="0"/>
        <TopLine Value="344"/>
        <CursorPos X="43" Y="365"/>
        <UsageCount Value="48"/>
      </Unit16>
      <Unit17>
        <Filename Value="E:\Projekty2\FreePascalManager\trunk\Instance\1\FPC\rtl\objpas\classes\classesh.inc"/>
        <WindowIndex Value="0"/>
        <TopLine Value="285"/>
        <CursorPos X="14" Y="298"/>
        <UsageCount Value="2"/>
      </Unit17>
      <Unit18>
        <Filename Value="..\..\Common\URectangle.pas"/>
        <UnitName Value="URectangle"/>
        <EditorIndex Value="3"/>
        <WindowIndex Value="0"/>
        <TopLine Value="22"/>
        <CursorPos X="26" Y="32"/>
        <UsageCount Value="17"/>
        <Loaded Value="True"/>
      </Unit18>
      <Unit19>
        <Filename Value="E:\Projekty2\FreePascalManager\trunk\Instance\1\Lazarus\lcl\controls.pp"/>
        <UnitName Value="Controls"/>
        <EditorIndex Value="6"/>
        <WindowIndex Value="0"/>
        <TopLine Value="1143"/>
        <CursorPos X="3" Y="865"/>
        <UsageCount Value="124"/>
        <Loaded Value="True"/>
      </Unit19>
      <Unit20>
        <Filename Value="E:\Projekty2\FreePascalManager\trunk\Instance\1\Lazarus\lcl\include\wincontrol.inc"/>
        <WindowIndex Value="0"/>
        <TopLine Value="7762"/>
        <CursorPos X="1" Y="7775"/>
        <UsageCount Value="111"/>
      </Unit20>
      <Unit21>
        <Filename Value="..\..\UCDCustomize.pas"/>
        <ComponentName Value="CDCustomizeForm"/>
        <HasResources Value="True"/>
        <ResourceBaseClass Value="Form"/>
        <UnitName Value="UCDCustomize"/>
        <WindowIndex Value="0"/>
        <TopLine Value="145"/>
        <CursorPos X="34" Y="147"/>
        <UsageCount Value="121"/>
      </Unit21>
      <Unit22>
        <Filename Value="..\..\UCDCommon.pas"/>
        <UnitName Value="UCDCommon"/>
        <EditorIndex Value="5"/>
        <WindowIndex Value="0"/>
        <TopLine Value="1"/>
        <CursorPos X="32" Y="12"/>
        <UsageCount Value="46"/>
        <Loaded Value="True"/>
      </Unit22>
      <Unit23>
        <Filename Value="..\..\UCDPopupMenu.pas"/>
        <UnitName Value="UCDPopupMenu"/>
        <WindowIndex Value="0"/>
        <TopLine Value="319"/>
        <CursorPos X="1" Y="335"/>
        <UsageCount Value="128"/>
      </Unit23>
      <Unit24>
        <Filename Value="..\..\Managers\UCDManagerTabs.pas"/>
        <UnitName Value="UCDManagerTabs"/>
        <EditorIndex Value="8"/>
        <WindowIndex Value="0"/>
        <TopLine Value="76"/>
        <CursorPos X="3" Y="82"/>
        <UsageCount Value="130"/>
        <Loaded Value="True"/>
      </Unit24>
      <Unit25>
        <Filename Value="..\..\Managers\UCDManagerRegions.pas"/>
        <UnitName Value="UCDManagerRegions"/>
        <IsVisibleTab Value="True"/>
        <EditorIndex Value="7"/>
        <WindowIndex Value="0"/>
        <TopLine Value="296"/>
        <CursorPos X="43" Y="312"/>
        <UsageCount Value="129"/>
        <Loaded Value="True"/>
      </Unit25>
      <Unit26>
        <Filename Value="..\..\Managers\UCDManagerTabsPopup.pas"/>
        <UnitName Value="UCDManagerTabsPopup"/>
        <EditorIndex Value="0"/>
        <WindowIndex Value="0"/>
        <TopLine Value="262"/>
        <CursorPos X="52" Y="272"/>
        <UsageCount Value="120"/>
        <Loaded Value="True"/>
      </Unit26>
      <Unit27>
        <Filename Value="UComponentTree.pas"/>
        <IsPartOfProject Value="True"/>
        <ComponentName Value="ComponentTree"/>
        <HasResources Value="True"/>
        <ResourceBaseClass Value="Form"/>
        <UnitName Value="UComponentTree"/>
        <WindowIndex Value="0"/>
        <TopLine Value="23"/>
        <CursorPos X="61" Y="27"/>
        <UsageCount Value="215"/>
      </Unit27>
      <Unit28>
        <Filename Value="..\..\UCDManager.pas"/>
        <UnitName Value="UCDManager"/>
        <EditorIndex Value="4"/>
        <WindowIndex Value="0"/>
        <TopLine Value="55"/>
        <CursorPos X="8" Y="67"/>
        <UsageCount Value="105"/>
        <Loaded Value="True"/>
      </Unit28>
      <Unit29>
        <Filename Value="..\..\UCDConjoinForm.pas"/>
        <UnitName Value="UCDConjoinForm"/>
        <WindowIndex Value="0"/>
        <TopLine Value="32"/>
        <CursorPos X="31" Y="34"/>
        <UsageCount Value="164"/>
      </Unit29>
      <Unit30>
        <Filename Value="E:\Projekty2\FreePascalManager\trunk\Instance\1\Lazarus\lcl\extctrls.pp"/>
        <UnitName Value="ExtCtrls"/>
        <WindowIndex Value="0"/>
        <TopLine Value="215"/>
        <CursorPos X="14" Y="228"/>
        <UsageCount Value="83"/>
      </Unit30>
      <Unit31>
        <Filename Value="..\..\UCDMaster.pas"/>
        <UnitName Value="UCDMaster"/>
        <WindowIndex Value="0"/>
        <TopLine Value="11"/>
        <CursorPos X="18" Y="19"/>
        <UsageCount Value="88"/>
      </Unit31>
      <Unit32>
        <Filename Value="E:\Projekty2\FreePascalManager\trunk\Instance\1\Lazarus\lcl\comctrls.pp"/>
        <UnitName Value="ComCtrls"/>
        <WindowIndex Value="0"/>
        <TopLine Value="290"/>
        <CursorPos X="45" Y="308"/>
        <UsageCount Value="78"/>
      </Unit32>
      <Unit33>
        <Filename Value="..\..\UCDWindowList.pas"/>
        <ComponentName Value="CDWindowListForm"/>
        <HasResources Value="True"/>
        <ResourceBaseClass Value="Form"/>
        <UnitName Value="UCDWindowList"/>
        <WindowIndex Value="0"/>
        <TopLine Value="33"/>
        <CursorPos X="1" Y="47"/>
        <UsageCount Value="10"/>
      </Unit33>
      <Unit34>
        <Filename Value="..\..\UCDResource.pas"/>
        <ComponentName Value="DataModule2"/>
        <ResourceBaseClass Value="DataModule"/>
        <UnitName Value="UCDResource"/>
        <WindowIndex Value="0"/>
        <TopLine Value="13"/>
        <CursorPos X="40" Y="31"/>
        <UsageCount Value="7"/>
      </Unit34>
      <Unit35>
        <Filename Value="E:\Projekty2\FreePascalManager\trunk\Instance\1\Lazarus\lcl\imglist.pp"/>
        <UnitName Value="ImgList"/>
        <WindowIndex Value="0"/>
        <TopLine Value="160"/>
        <CursorPos X="15" Y="188"/>
        <UsageCount Value="8"/>
      </Unit35>
      <Unit36>
        <Filename Value="E:\Projekty2\FreePascalManager\trunk\Instance\1\Lazarus\lcl\include\imglist.inc"/>
        <WindowIndex Value="0"/>
        <TopLine Value="53"/>
        <CursorPos X="1" Y="66"/>
        <UsageCount Value="8"/>
      </Unit36>
      <Unit37>
        <Filename Value="E:\Projekty2\FreePascalManager\trunk\Instance\1\Lazarus\lcl\lcltype.pp"/>
        <UnitName Value="LCLType"/>
        <WindowIndex Value="0"/>
        <TopLine Value="140"/>
        <CursorPos X="3" Y="153"/>
        <UsageCount Value="13"/>
      </Unit37>
      <Unit38>
        <Filename Value="E:\Projekty2\FreePascalManager\trunk\Instance\1\Lazarus\lcl\lclproc.pas"/>
        <UnitName Value="LCLProc"/>
        <WindowIndex Value="0"/>
        <TopLine Value="1531"/>
        <CursorPos X="1" Y="1544"/>
        <UsageCount Value="91"/>
      </Unit38>
      <Unit39>
        <Filename Value="E:\Projekty2\FreePascalManager\trunk\Instance\1\Lazarus\lcl\include\dragmanager.inc"/>
        <WindowIndex Value="0"/>
        <TopLine Value="553"/>
        <CursorPos X="79" Y="568"/>
        <UsageCount Value="76"/>
      </Unit39>
      <Unit40>
        <Filename Value="E:\Projekty2\FreePascalManager\trunk\Instance\1\Lazarus\lcl\lclmessageglue.pas"/>
        <UnitName Value="LCLMessageGlue"/>
        <WindowIndex Value="0"/>
        <TopLine Value="101"/>
        <CursorPos X="1" Y="122"/>
        <UsageCount Value="76"/>
      </Unit40>
      <Unit41>
        <Filename Value="E:\Projekty2\FreePascalManager\trunk\Instance\1\Lazarus\lcl\interfaces\win32\win32proc.pp"/>
        <UnitName Value="win32proc"/>
        <WindowIndex Value="0"/>
        <TopLine Value="756"/>
        <CursorPos X="1" Y="771"/>
        <UsageCount Value="76"/>
      </Unit41>
      <Unit42>
        <Filename Value="E:\Projekty2\FreePascalManager\trunk\Instance\1\Lazarus\lcl\interfaces\win32\win32wscontrols.pp"/>
        <UnitName Value="Win32WSControls"/>
        <WindowIndex Value="0"/>
        <TopLine Value="474"/>
        <CursorPos X="1" Y="488"/>
        <UsageCount Value="76"/>
      </Unit42>
      <Unit43>
        <Filename Value="E:\Projekty2\FreePascalManager\trunk\Instance\1\Lazarus\lcl\include\pagecontrol.inc"/>
        <WindowIndex Value="0"/>
        <TopLine Value="112"/>
        <CursorPos X="23" Y="123"/>
        <UsageCount Value="76"/>
      </Unit43>
      <Unit44>
        <Filename Value="E:\Projekty2\FreePascalManager\trunk\Instance\1\Lazarus\lcl\include\customcontrol.inc"/>
        <WindowIndex Value="0"/>
        <TopLine Value="48"/>
        <CursorPos X="1" Y="61"/>
        <UsageCount Value="76"/>
      </Unit44>
      <Unit45>
        <Filename Value="E:\Projekty2\FreePascalManager\trunk\Instance\1\Lazarus\lcl\include\scrollingwincontrol.inc"/>
        <WindowIndex Value="0"/>
        <TopLine Value="233"/>
        <CursorPos X="1" Y="256"/>
        <UsageCount Value="76"/>
      </Unit45>
      <Unit46>
        <Filename Value="E:\Projekty2\FreePascalManager\trunk\Instance\1\Lazarus\lcl\include\dragobject.inc"/>
        <WindowIndex Value="0"/>
        <TopLine Value="60"/>
        <CursorPos X="3" Y="62"/>
        <UsageCount Value="10"/>
      </Unit46>
      <Unit47>
        <Filename Value="E:\Projekty2\FreePascalManager\trunk\Instance\1\Lazarus\lcl\include\dragimagelist.inc"/>
        <WindowIndex Value="0"/>
        <TopLine Value="103"/>
        <CursorPos X="3" Y="109"/>
        <UsageCount Value="10"/>
      </Unit47>
      <Unit48>
        <Filename Value="E:\Projekty2\FreePascalManager\trunk\Instance\1\Lazarus\lcl\include\custompage.inc"/>
        <EditorIndex Value="9"/>
        <WindowIndex Value="0"/>
        <TopLine Value="111"/>
        <CursorPos X="71" Y="120"/>
        <UsageCount Value="10"/>
        <Loaded Value="True"/>
      </Unit48>
    </Units>
    <JumpHistory Count="30" HistoryIndex="29">
      <Position1>
        <Filename Value="..\..\Managers\UCDManagerTabs.pas"/>
        <Caret Line="412" Column="1" TopLine="398"/>
      </Position1>
      <Position2>
        <Filename Value="..\..\Managers\UCDManagerTabs.pas"/>
        <Caret Line="414" Column="9" TopLine="398"/>
      </Position2>
      <Position3>
        <Filename Value="..\..\Managers\UCDManagerTabs.pas"/>
        <Caret Line="410" Column="21" TopLine="398"/>
      </Position3>
      <Position4>
        <Filename Value="..\..\Managers\UCDManagerTabs.pas"/>
        <Caret Line="18" Column="13" TopLine="3"/>
      </Position4>
      <Position5>
        <Filename Value="..\..\Managers\UCDManagerTabs.pas"/>
        <Caret Line="9" Column="23" TopLine="5"/>
      </Position5>
      <Position6>
        <Filename Value="..\..\Managers\UCDManagerTabs.pas"/>
        <Caret Line="18" Column="18" TopLine="5"/>
      </Position6>
      <Position7>
        <Filename Value="..\..\Managers\UCDManagerTabs.pas"/>
        <Caret Line="426" Column="1" TopLine="407"/>
      </Position7>
      <Position8>
        <Filename Value="..\..\Managers\UCDManagerTabs.pas"/>
        <Caret Line="83" Column="1" TopLine="70"/>
      </Position8>
      <Position9>
        <Filename Value="..\..\Managers\UCDManagerTabs.pas"/>
        <Caret Line="157" Column="1" TopLine="144"/>
      </Position9>
      <Position10>
        <Filename Value="..\..\Managers\UCDManagerTabs.pas"/>
        <Caret Line="206" Column="1" TopLine="193"/>
      </Position10>
      <Position11>
        <Filename Value="..\..\Managers\UCDManagerTabs.pas"/>
        <Caret Line="157" Column="14" TopLine="144"/>
      </Position11>
      <Position12>
        <Filename Value="..\..\Managers\UCDManagerTabs.pas"/>
        <Caret Line="418" Column="54" TopLine="393"/>
      </Position12>
      <Position13>
        <Filename Value="..\..\Managers\UCDManagerTabs.pas"/>
        <Caret Line="410" Column="1" TopLine="399"/>
      </Position13>
      <Position14>
        <Filename Value="..\..\Managers\UCDManagerTabs.pas"/>
        <Caret Line="411" Column="1" TopLine="399"/>
      </Position14>
      <Position15>
        <Filename Value="..\..\Managers\UCDManagerTabs.pas"/>
        <Caret Line="412" Column="1" TopLine="399"/>
      </Position15>
      <Position16>
        <Filename Value="..\..\Managers\UCDManagerTabs.pas"/>
        <Caret Line="413" Column="1" TopLine="399"/>
      </Position16>
      <Position17>
        <Filename Value="..\..\Managers\UCDManagerTabs.pas"/>
        <Caret Line="414" Column="1" TopLine="399"/>
      </Position17>
      <Position18>
        <Filename Value="..\..\Managers\UCDManagerTabs.pas"/>
        <Caret Line="415" Column="1" TopLine="399"/>
      </Position18>
      <Position19>
        <Filename Value="..\..\Managers\UCDManagerTabs.pas"/>
        <Caret Line="416" Column="1" TopLine="399"/>
      </Position19>
      <Position20>
        <Filename Value="..\..\Managers\UCDManagerTabs.pas"/>
        <Caret Line="417" Column="1" TopLine="399"/>
      </Position20>
      <Position21>
        <Filename Value="..\..\Managers\UCDManagerTabs.pas"/>
        <Caret Line="421" Column="1" TopLine="400"/>
      </Position21>
      <Position22>
        <Filename Value="..\..\Managers\UCDManagerTabs.pas"/>
        <Caret Line="87" Column="1" TopLine="74"/>
      </Position22>
      <Position23>
        <Filename Value="..\..\Managers\UCDManagerTabs.pas"/>
        <Caret Line="412" Column="1" TopLine="399"/>
      </Position23>
      <Position24>
        <Filename Value="..\..\Managers\UCDManagerTabs.pas"/>
        <Caret Line="87" Column="93" TopLine="74"/>
      </Position24>
      <Position25>
        <Filename Value="..\..\Managers\UCDManagerTabs.pas"/>
        <Caret Line="86" Column="1" TopLine="74"/>
      </Position25>
      <Position26>
        <Filename Value="..\..\Managers\UCDManagerTabs.pas"/>
        <Caret Line="412" Column="1" TopLine="399"/>
      </Position26>
      <Position27>
        <Filename Value="..\..\Managers\UCDManagerTabs.pas"/>
        <Caret Line="16" Column="37" TopLine="7"/>
      </Position27>
      <Position28>
        <Filename Value="..\..\UCDManager.pas"/>
        <Caret Line="78" Column="71" TopLine="53"/>
      </Position28>
      <Position29>
        <Filename Value="..\..\UCDManager.pas"/>
        <Caret Line="264" Column="38" TopLine="262"/>
      </Position29>
      <Position30>
        <Filename Value="..\..\Managers\UCDManagerRegions.pas"/>
        <Caret Line="66" Column="17" TopLine="59"/>
      </Position30>
    </JumpHistory>
  </ProjectOptions>
  <CompilerOptions>
    <Version Value="10"/>
    <PathDelim Value="\"/>
    <Target>
      <Filename Value="IDE"/>
    </Target>
    <SearchPaths>
      <IncludeFiles Value="$(ProjOutDir)"/>
      <UnitOutputDirectory Value="lib\$(TargetCPU)-$(TargetOS)"/>
    </SearchPaths>
    <CodeGeneration>
      <Checks>
        <IOChecks Value="True"/>
        <RangeChecks Value="True"/>
        <OverflowChecks Value="True"/>
        <StackChecks Value="True"/>
      </Checks>
      <VerifyObjMethodCallValidity Value="True"/>
    </CodeGeneration>
    <Linking>
      <Debugging>
        <UseHeaptrc Value="True"/>
      </Debugging>
      <Options>
        <Win32>
          <GraphicApplication Value="True"/>
        </Win32>
      </Options>
    </Linking>
    <Other>
      <CompilerMessages>
        <UseMsgFile Value="True"/>
      </CompilerMessages>
      <CompilerPath Value="$(CompPath)"/>
    </Other>
  </CompilerOptions>
  <Debugging>
    <Watches Count="1">
      <Item1>
        <Expression Value="Form"/>
      </Item1>
    </Watches>
    <Exceptions Count="3">
      <Item1>
        <Name Value="EAbort"/>
      </Item1>
      <Item2>
        <Name Value="ECodetoolError"/>
      </Item2>
      <Item3>
        <Name Value="EFOpenError"/>
      </Item3>
    </Exceptions>
  </Debugging>
</CONFIG>
