<?xml version="1.0"?>
<CONFIG>
  <ProjectOptions>
    <PathDelim Value="\"/>
    <Version Value="7"/>
    <General>
      <MainUnit Value="0"/>
      <TargetFileExt Value=".exe"/>
      <Icon Value="0"/>
      <UseXPManifest Value="True"/>
      <ActiveEditorIndexAtStart Value="0"/>
    </General>
    <VersionInfo>
      <ProjectVersion Value=""/>
      <Language Value=""/>
      <CharSet Value=""/>
    </VersionInfo>
    <PublishOptions>
      <Version Value="2"/>
      <IgnoreBinaries Value="False"/>
      <IncludeFileFilter Value="*.(pas|pp|inc|lfm|lpr|lrs|lpi|lpk|sh|xml)"/>
      <ExcludeFileFilter Value="*.(bak|ppu|ppw|o|so);*~;backup"/>
    </PublishOptions>
    <RunParams>
      <local>
        <FormatVersion Value="1"/>
        <LaunchingApplication PathPlusParams="/usr/X11R6/bin/xterm -T 'Lazarus Run Output' -e $(LazarusDir)/tools/runwait.sh $(TargetCmdLine)"/>
      </local>
    </RunParams>
    <RequiredPackages Count="1">
      <Item1>
        <PackageName Value="LCL"/>
      </Item1>
    </RequiredPackages>
    <Units Count="10">
      <Unit0>
        <Filename Value="Demo.lpr"/>
        <IsPartOfProject Value="True"/>
        <UnitName Value="Demo"/>
        <CursorPos X="23" Y="11"/>
        <TopLine Value="1"/>
        <EditorIndex Value="6"/>
        <UsageCount Value="34"/>
        <Loaded Value="True"/>
      </Unit0>
      <Unit1>
        <Filename Value="UMainForm.pas"/>
        <IsPartOfProject Value="True"/>
        <ComponentName Value="MainForm"/>
        <ResourceBaseClass Value="Form"/>
        <UnitName Value="UMainForm"/>
        <CursorPos X="19" Y="137"/>
        <TopLine Value="124"/>
        <EditorIndex Value="0"/>
        <UsageCount Value="34"/>
        <Loaded Value="True"/>
      </Unit1>
      <Unit2>
        <Filename Value="UProtocolBuffers.pas"/>
        <IsPartOfProject Value="True"/>
        <UnitName Value="UProtocolBuffers"/>
        <CursorPos X="30" Y="223"/>
        <TopLine Value="217"/>
        <EditorIndex Value="1"/>
        <UsageCount Value="34"/>
        <Loaded Value="True"/>
      </Unit2>
      <Unit3>
        <Filename Value="UMemoryStreamEx.pas"/>
        <IsPartOfProject Value="True"/>
        <UnitName Value="UMemoryStreamEx"/>
        <CursorPos X="3" Y="60"/>
        <TopLine Value="56"/>
        <EditorIndex Value="2"/>
        <UsageCount Value="34"/>
        <Loaded Value="True"/>
      </Unit3>
      <Unit4>
        <Filename Value="..\..\..\Programy\Lazarus_0.9.27\fpc\2.2.4\source\rtl\objpas\classes\classesh.inc"/>
        <CursorPos X="15" Y="806"/>
        <TopLine Value="790"/>
        <EditorIndex Value="5"/>
        <UsageCount Value="16"/>
        <Loaded Value="True"/>
      </Unit4>
      <Unit5>
        <Filename Value="Sample.proto"/>
        <IsPartOfProject Value="True"/>
        <CursorPos X="20" Y="4"/>
        <TopLine Value="1"/>
        <EditorIndex Value="4"/>
        <UsageCount Value="32"/>
        <Loaded Value="True"/>
        <SyntaxHighlighter Value="None"/>
      </Unit5>
      <Unit6>
        <Filename Value="UParser.pas"/>
        <IsPartOfProject Value="True"/>
        <UnitName Value="UParser"/>
        <CursorPos X="66" Y="26"/>
        <TopLine Value="2"/>
        <EditorIndex Value="3"/>
        <UsageCount Value="31"/>
        <Loaded Value="True"/>
      </Unit6>
      <Unit7>
        <Filename Value="..\..\..\Programy\Lazarus_0.9.27\lcl\comctrls.pp"/>
        <UnitName Value="ComCtrls"/>
        <CursorPos X="19" Y="2336"/>
        <TopLine Value="2476"/>
        <UsageCount Value="11"/>
      </Unit7>
      <Unit8>
        <Filename Value="..\..\..\Programy\Lazarus_0.9.27\lcl\include\treeview.inc"/>
        <CursorPos X="1" Y="358"/>
        <TopLine Value="342"/>
        <UsageCount Value="10"/>
      </Unit8>
      <Unit9>
        <Filename Value="..\..\..\Programy\Lazarus_0.9.27\fpc\2.2.4\source\rtl\objpas\classes\streams.inc"/>
        <CursorPos X="47" Y="533"/>
        <TopLine Value="530"/>
        <UsageCount Value="10"/>
      </Unit9>
    </Units>
    <JumpHistory Count="30" HistoryIndex="29">
      <Position1>
        <Filename Value="UProtocolBuffers.pas"/>
        <Caret Line="158" Column="1" TopLine="142"/>
      </Position1>
      <Position2>
        <Filename Value="UProtocolBuffers.pas"/>
        <Caret Line="159" Column="1" TopLine="143"/>
      </Position2>
      <Position3>
        <Filename Value="UProtocolBuffers.pas"/>
        <Caret Line="160" Column="1" TopLine="144"/>
      </Position3>
      <Position4>
        <Filename Value="UProtocolBuffers.pas"/>
        <Caret Line="161" Column="1" TopLine="145"/>
      </Position4>
      <Position5>
        <Filename Value="UProtocolBuffers.pas"/>
        <Caret Line="162" Column="1" TopLine="146"/>
      </Position5>
      <Position6>
        <Filename Value="UProtocolBuffers.pas"/>
        <Caret Line="165" Column="1" TopLine="149"/>
      </Position6>
      <Position7>
        <Filename Value="UProtocolBuffers.pas"/>
        <Caret Line="166" Column="1" TopLine="150"/>
      </Position7>
      <Position8>
        <Filename Value="UProtocolBuffers.pas"/>
        <Caret Line="159" Column="1" TopLine="143"/>
      </Position8>
      <Position9>
        <Filename Value="UProtocolBuffers.pas"/>
        <Caret Line="160" Column="1" TopLine="144"/>
      </Position9>
      <Position10>
        <Filename Value="UProtocolBuffers.pas"/>
        <Caret Line="161" Column="1" TopLine="145"/>
      </Position10>
      <Position11>
        <Filename Value="UProtocolBuffers.pas"/>
        <Caret Line="172" Column="1" TopLine="156"/>
      </Position11>
      <Position12>
        <Filename Value="UProtocolBuffers.pas"/>
        <Caret Line="173" Column="1" TopLine="157"/>
      </Position12>
      <Position13>
        <Filename Value="UProtocolBuffers.pas"/>
        <Caret Line="159" Column="1" TopLine="143"/>
      </Position13>
      <Position14>
        <Filename Value="UProtocolBuffers.pas"/>
        <Caret Line="160" Column="1" TopLine="144"/>
      </Position14>
      <Position15>
        <Filename Value="UProtocolBuffers.pas"/>
        <Caret Line="161" Column="1" TopLine="145"/>
      </Position15>
      <Position16>
        <Filename Value="UProtocolBuffers.pas"/>
        <Caret Line="162" Column="1" TopLine="146"/>
      </Position16>
      <Position17>
        <Filename Value="UProtocolBuffers.pas"/>
        <Caret Line="165" Column="1" TopLine="149"/>
      </Position17>
      <Position18>
        <Filename Value="UProtocolBuffers.pas"/>
        <Caret Line="166" Column="1" TopLine="150"/>
      </Position18>
      <Position19>
        <Filename Value="Demo.lpr"/>
        <Caret Line="10" Column="75" TopLine="1"/>
      </Position19>
      <Position20>
        <Filename Value="UMainForm.pas"/>
        <Caret Line="107" Column="11" TopLine="92"/>
      </Position20>
      <Position21>
        <Filename Value="UProtocolBuffers.pas"/>
        <Caret Line="132" Column="42" TopLine="118"/>
      </Position21>
      <Position22>
        <Filename Value="UProtocolBuffers.pas"/>
        <Caret Line="128" Column="1" TopLine="112"/>
      </Position22>
      <Position23>
        <Filename Value="UProtocolBuffers.pas"/>
        <Caret Line="129" Column="1" TopLine="113"/>
      </Position23>
      <Position24>
        <Filename Value="UProtocolBuffers.pas"/>
        <Caret Line="132" Column="22" TopLine="114"/>
      </Position24>
      <Position25>
        <Filename Value="UProtocolBuffers.pas"/>
        <Caret Line="128" Column="1" TopLine="112"/>
      </Position25>
      <Position26>
        <Filename Value="UProtocolBuffers.pas"/>
        <Caret Line="129" Column="1" TopLine="113"/>
      </Position26>
      <Position27>
        <Filename Value="UProtocolBuffers.pas"/>
        <Caret Line="130" Column="1" TopLine="114"/>
      </Position27>
      <Position28>
        <Filename Value="UProtocolBuffers.pas"/>
        <Caret Line="132" Column="12" TopLine="120"/>
      </Position28>
      <Position29>
        <Filename Value="UProtocolBuffers.pas"/>
        <Caret Line="185" Column="24" TopLine="181"/>
      </Position29>
      <Position30>
        <Filename Value="UProtocolBuffers.pas"/>
        <Caret Line="316" Column="5" TopLine="302"/>
      </Position30>
    </JumpHistory>
  </ProjectOptions>
  <CompilerOptions>
    <Version Value="8"/>
    <PathDelim Value="\"/>
    <SearchPaths>
      <IncludeFiles Value="$(ProjOutDir)\"/>
    </SearchPaths>
    <CodeGeneration>
      <Checks>
        <IOChecks Value="True"/>
        <RangeChecks Value="True"/>
        <OverflowChecks Value="True"/>
        <StackChecks Value="True"/>
      </Checks>
    </CodeGeneration>
    <Linking>
      <Options>
        <Win32>
          <GraphicApplication Value="True"/>
        </Win32>
      </Options>
    </Linking>
    <Other>
      <CompilerPath Value="$(CompPath)"/>
    </Other>
  </CompilerOptions>
  <Debugging>
    <Exceptions Count="3">
      <Item1>
        <Name Value="EAbort"/>
      </Item1>
      <Item2>
        <Name Value="ECodetoolError"/>
      </Item2>
      <Item3>
        <Name Value="EFOpenError"/>
      </Item3>
    </Exceptions>
  </Debugging>
</CONFIG>
