<?xml version="1.0"?>
<CONFIG>
  <ProjectOptions>
    <Version Value="9"/>
    <General>
      <MainUnit Value="0"/>
      <Title Value="Demo"/>
      <ResourceType Value="res"/>
      <UseXPManifest Value="True"/>
      <Icon Value="0"/>
      <ActiveWindowIndexAtStart Value="0"/>
    </General>
    <i18n>
      <EnableI18N LFM="False"/>
    </i18n>
    <VersionInfo>
      <StringTable ProductVersion=""/>
    </VersionInfo>
    <BuildModes Count="1" Active="Default">
      <Item1 Name="Default" Default="True"/>
    </BuildModes>
    <PublishOptions>
      <Version Value="2"/>
      <IncludeFileFilter Value="*.(pas|pp|inc|lfm|lpr|lrs|lpi|lpk|sh|xml)"/>
      <ExcludeFileFilter Value="*.(bak|ppu|o|so);*~;backup"/>
    </PublishOptions>
    <RunParams>
      <local>
        <FormatVersion Value="1"/>
        <LaunchingApplication PathPlusParams="/usr/bin/xterm -T 'Lazarus Run Output' -e $(LazarusDir)/tools/runwait.sh $(TargetCmdLine)"/>
      </local>
    </RunParams>
    <RequiredPackages Count="2">
      <Item1>
        <PackageName Value="Microthreading"/>
      </Item1>
      <Item2>
        <PackageName Value="LCL"/>
      </Item2>
    </RequiredPackages>
    <Units Count="65">
      <Unit0>
        <Filename Value="Demo.lpr"/>
        <IsPartOfProject Value="True"/>
        <UnitName Value="Demo"/>
        <WindowIndex Value="0"/>
        <TopLine Value="1"/>
        <CursorPos X="34" Y="16"/>
        <UsageCount Value="82"/>
      </Unit0>
      <Unit1>
        <Filename Value="UMainForm.pas"/>
        <IsPartOfProject Value="True"/>
        <ComponentName Value="MainForm"/>
        <ResourceBaseClass Value="Form"/>
        <UnitName Value="UMainForm"/>
        <EditorIndex Value="9"/>
        <WindowIndex Value="0"/>
        <TopLine Value="270"/>
        <CursorPos X="1" Y="284"/>
        <UsageCount Value="82"/>
        <Loaded Value="True"/>
        <LoadedDesigner Value="True"/>
      </Unit1>
      <Unit2>
        <Filename Value="../UMicroThreading.pas"/>
        <UnitName Value="UMicroThreading"/>
        <IsVisibleTab Value="True"/>
        <EditorIndex Value="0"/>
        <WindowIndex Value="0"/>
        <TopLine Value="513"/>
        <CursorPos X="9" Y="525"/>
        <UsageCount Value="43"/>
        <Loaded Value="True"/>
      </Unit2>
      <Unit3>
        <Filename Value="../../../../lazarus/lcl/forms.pp"/>
        <UnitName Value="Forms"/>
        <WindowIndex Value="0"/>
        <TopLine Value="55"/>
        <CursorPos X="3" Y="70"/>
        <UsageCount Value="8"/>
      </Unit3>
      <Unit4>
        <Filename Value="../../../../lazarus/lcl/include/application.inc"/>
        <WindowIndex Value="0"/>
        <TopLine Value="346"/>
        <CursorPos X="24" Y="351"/>
        <UsageCount Value="6"/>
      </Unit4>
      <Unit5>
        <Filename Value="../../../../lazarus/lcl/interfaces/win32/issues.xml"/>
        <WindowIndex Value="0"/>
        <TopLine Value="1"/>
        <CursorPos X="1" Y="1"/>
        <UsageCount Value="6"/>
        <DefaultSyntaxHighlighter Value="XML"/>
      </Unit5>
      <Unit6>
        <Filename Value="../../../../lazarus/lcl/xmlpropstorage.pas"/>
        <UnitName Value="XMLPropStorage"/>
        <WindowIndex Value="0"/>
        <TopLine Value="286"/>
        <CursorPos X="1" Y="1"/>
        <UsageCount Value="6"/>
      </Unit6>
      <Unit7>
        <Filename Value="../../ExceptionLogger/UExceptionLogger.pas"/>
        <UnitName Value="UExceptionLogger"/>
        <WindowIndex Value="0"/>
        <TopLine Value="1"/>
        <CursorPos X="1" Y="8"/>
        <UsageCount Value="8"/>
        <DefaultSyntaxHighlighter Value="Delphi"/>
      </Unit7>
      <Unit8>
        <Filename Value="../../ExceptionLogger/UStackTrace.pas"/>
        <UnitName Value="UStackTrace"/>
        <WindowIndex Value="0"/>
        <TopLine Value="56"/>
        <CursorPos X="24" Y="77"/>
        <UsageCount Value="17"/>
        <DefaultSyntaxHighlighter Value="Delphi"/>
      </Unit8>
      <Unit9>
        <Filename Value="../../ExceptionLogger/CustomLineInfo.pas"/>
        <UnitName Value="CustomLineInfo"/>
        <WindowIndex Value="0"/>
        <TopLine Value="264"/>
        <CursorPos X="37" Y="141"/>
        <UsageCount Value="17"/>
        <DefaultSyntaxHighlighter Value="Delphi"/>
      </Unit9>
      <Unit10>
        <Filename Value="/usr/share/fpcsrc/2.4.0/rtl/inc/exeinfo.pp"/>
        <UnitName Value="exeinfo"/>
        <WindowIndex Value="0"/>
        <TopLine Value="302"/>
        <CursorPos X="5" Y="33"/>
        <UsageCount Value="6"/>
      </Unit10>
      <Unit11>
        <Filename Value="/usr/share/fpcsrc/2.4.0/rtl/inc/systemh.inc"/>
        <WindowIndex Value="0"/>
        <TopLine Value="479"/>
        <CursorPos X="3" Y="494"/>
        <UsageCount Value="9"/>
      </Unit11>
      <Unit12>
        <Filename Value="/usr/share/fpcsrc/2.4.0/rtl/i386/i386.inc"/>
        <WindowIndex Value="0"/>
        <TopLine Value="1046"/>
        <CursorPos X="34" Y="1053"/>
        <UsageCount Value="15"/>
      </Unit12>
      <Unit13>
        <Filename Value="../../../../lazarus/lcl/include/buttons.inc"/>
        <WindowIndex Value="0"/>
        <TopLine Value="317"/>
        <CursorPos X="1" Y="341"/>
        <UsageCount Value="8"/>
      </Unit13>
      <Unit14>
        <Filename Value="../../../../lazarus/lcl/include/buttoncontrol.inc"/>
        <WindowIndex Value="0"/>
        <TopLine Value="45"/>
        <CursorPos X="1" Y="62"/>
        <UsageCount Value="8"/>
      </Unit14>
      <Unit15>
        <Filename Value="../../../../lazarus/lcl/include/control.inc"/>
        <WindowIndex Value="0"/>
        <TopLine Value="1670"/>
        <CursorPos X="1" Y="1685"/>
        <UsageCount Value="9"/>
      </Unit15>
      <Unit16>
        <Filename Value="../Other/Coroutine.pas"/>
        <UnitName Value="Coroutine"/>
        <WindowIndex Value="0"/>
        <TopLine Value="290"/>
        <CursorPos X="36" Y="306"/>
        <UsageCount Value="18"/>
      </Unit16>
      <Unit17>
        <Filename Value="/usr/share/fpcsrc/2.4.0/rtl/inc/heaph.inc"/>
        <WindowIndex Value="0"/>
        <TopLine Value="67"/>
        <CursorPos X="10" Y="91"/>
        <UsageCount Value="6"/>
      </Unit17>
      <Unit18>
        <Filename Value="/usr/share/fpcsrc/2.4.0/rtl/objpas/classes/classesh.inc"/>
        <WindowIndex Value="0"/>
        <TopLine Value="1823"/>
        <CursorPos X="3" Y="1838"/>
        <UsageCount Value="10"/>
      </Unit18>
      <Unit19>
        <Filename Value="../../../../lazarus/lcl/include/customform.inc"/>
        <WindowIndex Value="0"/>
        <TopLine Value="1348"/>
        <CursorPos X="1" Y="1363"/>
        <UsageCount Value="8"/>
      </Unit19>
      <Unit20>
        <Filename Value="../../../../lazarus/lcl/include/interfacebase.inc"/>
        <WindowIndex Value="0"/>
        <TopLine Value="32"/>
        <CursorPos X="48" Y="50"/>
        <UsageCount Value="7"/>
      </Unit20>
      <Unit21>
        <Filename Value="/usr/share/fpcsrc/2.4.0/rtl/objpas/sysutils/osutilsh.inc"/>
        <WindowIndex Value="0"/>
        <TopLine Value="8"/>
        <CursorPos X="11" Y="25"/>
        <UsageCount Value="9"/>
      </Unit21>
      <Unit22>
        <Filename Value="../MicroThreading.pas"/>
        <UnitName Value="MicroThreading"/>
        <WindowIndex Value="0"/>
        <TopLine Value="1"/>
        <CursorPos X="25" Y="9"/>
        <UsageCount Value="10"/>
      </Unit22>
      <Unit23>
        <Filename Value="../../../../Programy/Lazarus/0.9.31_2.4.3/fpc/2.4.3/source/rtl/objpas/dateutil.inc"/>
        <WindowIndex Value="0"/>
        <TopLine Value="38"/>
        <CursorPos X="29" Y="50"/>
        <UsageCount Value="14"/>
      </Unit23>
      <Unit24>
        <Filename Value="../../../../Programy/Lazarus/0.9.31_2.4.3/fpc/2.4.3/source/rtl/objpas/sysutils/datih.inc"/>
        <WindowIndex Value="0"/>
        <TopLine Value="106"/>
        <CursorPos X="10" Y="119"/>
        <UsageCount Value="17"/>
      </Unit24>
      <Unit25>
        <Filename Value="../../../../Programy/Lazarus/0.9.31_2.4.3/fpc/2.4.3/source/rtl/objpas/sysutils/dati.inc"/>
        <WindowIndex Value="0"/>
        <TopLine Value="254"/>
        <CursorPos X="12" Y="258"/>
        <UsageCount Value="10"/>
      </Unit25>
      <Unit26>
        <Filename Value="../../../../Programy/Lazarus/0.9.31_2.4.3/fpc/2.4.3/source/rtl/win/sysutils.pp"/>
        <UnitName Value="sysutils"/>
        <WindowIndex Value="0"/>
        <TopLine Value="581"/>
        <CursorPos X="11" Y="585"/>
        <UsageCount Value="10"/>
      </Unit26>
      <Unit27>
        <Filename Value="../../../../Programy/Lazarus/0.9.31_2.4.3/fpc/2.4.3/source/rtl/win/wininc/redef.inc"/>
        <EditorIndex Value="7"/>
        <WindowIndex Value="0"/>
        <TopLine Value="739"/>
        <CursorPos X="27" Y="752"/>
        <UsageCount Value="17"/>
        <Loaded Value="True"/>
      </Unit27>
      <Unit28>
        <Filename Value="../../../../Programy/Lazarus/0.9.31_2.4.3/fpc/2.4.3/source/packages/fcl-base/src/syncobjs.pp"/>
        <UnitName Value="syncobjs"/>
        <EditorIndex Value="2"/>
        <WindowIndex Value="0"/>
        <TopLine Value="104"/>
        <CursorPos X="28" Y="106"/>
        <UsageCount Value="14"/>
        <Loaded Value="True"/>
      </Unit28>
      <Unit29>
        <Filename Value="../../../../Programy/Lazarus/0.9.31_2.4.3/fpc/2.4.3/source/rtl/inc/threadh.inc"/>
        <EditorIndex Value="3"/>
        <WindowIndex Value="0"/>
        <TopLine Value="138"/>
        <CursorPos X="11" Y="151"/>
        <UsageCount Value="14"/>
        <Loaded Value="True"/>
      </Unit29>
      <Unit30>
        <Filename Value="../../../../Programy/Lazarus/0.9.31_2.4.3/fpc/2.4.3/source/rtl/inc/thread.inc"/>
        <EditorIndex Value="4"/>
        <WindowIndex Value="0"/>
        <TopLine Value="199"/>
        <CursorPos X="3" Y="202"/>
        <UsageCount Value="14"/>
        <Loaded Value="True"/>
      </Unit30>
      <Unit31>
        <Filename Value="../../../../Programy/Lazarus/0.9.31_2.4.3/fpc/2.4.3/source/rtl/win/sysosh.inc"/>
        <EditorIndex Value="12"/>
        <WindowIndex Value="0"/>
        <TopLine Value="8"/>
        <CursorPos X="3" Y="33"/>
        <UsageCount Value="14"/>
        <Loaded Value="True"/>
      </Unit31>
      <Unit32>
        <Filename Value="../../../../Programy/Lazarus/0.9.31_2.4.3/fpc/2.4.3/source/rtl/objpas/classes/classesh.inc"/>
        <EditorIndex Value="10"/>
        <WindowIndex Value="0"/>
        <TopLine Value="302"/>
        <CursorPos X="19" Y="319"/>
        <UsageCount Value="20"/>
        <Loaded Value="True"/>
      </Unit32>
      <Unit33>
        <Filename Value="../../../../Programy/Lazarus/0.9.31_2.4.3/fpc/2.4.3/source/rtl/win/tthread.inc"/>
        <WindowIndex Value="0"/>
        <TopLine Value="52"/>
        <CursorPos X="25" Y="65"/>
        <UsageCount Value="14"/>
      </Unit33>
      <Unit34>
        <Filename Value="../../../../Programy/Lazarus/0.9.31_2.4.3/fpc/2.4.3/source/rtl/win/wininc/func.inc"/>
        <WindowIndex Value="0"/>
        <TopLine Value="130"/>
        <CursorPos X="10" Y="143"/>
        <UsageCount Value="11"/>
      </Unit34>
      <Unit35>
        <Filename Value="../../../../Programy/Lazarus/0.9.31_2.4.3/fpc/2.4.3/source/rtl/win/wininc/defines.inc"/>
        <WindowIndex Value="0"/>
        <TopLine Value="1923"/>
        <CursorPos X="6" Y="1936"/>
        <UsageCount Value="11"/>
      </Unit35>
      <Unit36>
        <Filename Value="../../../../Programy/Lazarus/0.9.31_2.4.3/fpc/2.4.3/source/rtl/objpas/classes/classes.inc"/>
        <WindowIndex Value="0"/>
        <TopLine Value="124"/>
        <CursorPos X="3" Y="126"/>
        <UsageCount Value="17"/>
      </Unit36>
      <Unit37>
        <Filename Value="../../../../Programy/Lazarus/0.9.31_2.4.3/fpc/2.4.3/source/rtl/inc/objpash.inc"/>
        <WindowIndex Value="0"/>
        <TopLine Value="181"/>
        <CursorPos X="21" Y="194"/>
        <UsageCount Value="11"/>
      </Unit37>
      <Unit38>
        <Filename Value="../../../../Programy/Lazarus/0.9.31_2.4.3/fpc/2.4.3/source/rtl/objpas/sysutils/osutilsh.inc"/>
        <WindowIndex Value="0"/>
        <TopLine Value="14"/>
        <CursorPos X="17" Y="27"/>
        <UsageCount Value="12"/>
      </Unit38>
      <Unit39>
        <Filename Value="../../../../Programy/Lazarus/0.9.31_2.4.3/lcl/include/control.inc"/>
        <WindowIndex Value="0"/>
        <TopLine Value="2275"/>
        <CursorPos X="39" Y="2285"/>
        <UsageCount Value="10"/>
      </Unit39>
      <Unit40>
        <Filename Value="../../../../Programy/Lazarus/0.9.31_2.4.3/fpc/2.4.3/source/rtl/inc/systemh.inc"/>
        <WindowIndex Value="0"/>
        <TopLine Value="480"/>
        <CursorPos X="3" Y="493"/>
        <UsageCount Value="9"/>
      </Unit40>
      <Unit41>
        <Filename Value="../../../../Programy/Lazarus/0.9.31_2.4.3/fpc/2.4.3/source/rtl/win/syswin.inc"/>
        <WindowIndex Value="0"/>
        <TopLine Value="197"/>
        <CursorPos X="30" Y="208"/>
        <UsageCount Value="8"/>
      </Unit41>
      <Unit42>
        <Filename Value="../../../../Programy/Lazarus/0.9.31_2.4.3/fpc/2.4.3/source/rtl/inc/system.inc"/>
        <WindowIndex Value="0"/>
        <TopLine Value="737"/>
        <CursorPos X="21" Y="747"/>
        <UsageCount Value="8"/>
      </Unit42>
      <Unit43>
        <Filename Value="../../../../Programy/Lazarus/0.9.31_2.4.3/fpc/2.4.3/source/rtl/inc/innr.inc"/>
        <WindowIndex Value="0"/>
        <TopLine Value="96"/>
        <CursorPos X="1" Y="1"/>
        <UsageCount Value="8"/>
      </Unit43>
      <Unit44>
        <Filename Value="../../../../Programy/Lazarus/0.9.31_2.4.3/lcl/include/spinedit.inc"/>
        <WindowIndex Value="0"/>
        <TopLine Value="221"/>
        <CursorPos X="1" Y="235"/>
        <UsageCount Value="11"/>
      </Unit44>
      <Unit45>
        <Filename Value="../../../../Programy/Lazarus/0.9.31_2.4.3/lcl/interfaces/win32/win32object.inc"/>
        <EditorIndex Value="1"/>
        <WindowIndex Value="0"/>
        <TopLine Value="387"/>
        <CursorPos X="1" Y="400"/>
        <UsageCount Value="11"/>
        <Loaded Value="True"/>
      </Unit45>
      <Unit46>
        <Filename Value="../../../../Programy/Lazarus/0.9.31_2.4.3/fpc/2.4.3/source/rtl/win/wininc/struct.inc"/>
        <WindowIndex Value="0"/>
        <TopLine Value="6081"/>
        <CursorPos X="6" Y="6094"/>
        <UsageCount Value="11"/>
      </Unit46>
      <Unit47>
        <Filename Value="../../../../Programy/Lazarus/0.9.31_2.4.3/fpc/2.4.3/source/rtl/inc/objpas.inc"/>
        <WindowIndex Value="0"/>
        <TopLine Value="160"/>
        <CursorPos X="12" Y="163"/>
        <UsageCount Value="8"/>
      </Unit47>
      <Unit48>
        <Filename Value="../UPlatform.pas"/>
        <UnitName Value="UPlatform"/>
        <EditorIndex Value="6"/>
        <WindowIndex Value="0"/>
        <TopLine Value="23"/>
        <CursorPos X="31" Y="38"/>
        <UsageCount Value="23"/>
        <Loaded Value="True"/>
      </Unit48>
      <Unit49>
        <Filename Value="../../../../lazarus/lcl/interfaces/gtk2/gtk2winapi.inc"/>
        <WindowIndex Value="0"/>
        <TopLine Value="9153"/>
        <CursorPos X="8" Y="9166"/>
        <UsageCount Value="8"/>
      </Unit49>
      <Unit50>
        <Filename Value="/usr/share/fpcsrc/2.4.0/rtl/unix/sysutils.pp"/>
        <UnitName Value="sysutils"/>
        <WindowIndex Value="0"/>
        <TopLine Value="1"/>
        <CursorPos X="1" Y="1"/>
        <UsageCount Value="8"/>
      </Unit50>
      <Unit51>
        <Filename Value="../../../../lazarus/lcl/interfaces/gtk2/gtk2widgetset.inc"/>
        <WindowIndex Value="0"/>
        <TopLine Value="2380"/>
        <CursorPos X="30" Y="2390"/>
        <UsageCount Value="8"/>
      </Unit51>
      <Unit52>
        <Filename Value="/usr/share/fpcsrc/2.4.0/rtl/objpas/classes/classes.inc"/>
        <WindowIndex Value="0"/>
        <TopLine Value="150"/>
        <CursorPos X="55" Y="162"/>
        <UsageCount Value="8"/>
      </Unit52>
      <Unit53>
        <Filename Value="../../../../lazarus/lcl/include/wincontrol.inc"/>
        <WindowIndex Value="0"/>
        <TopLine Value="5227"/>
        <CursorPos X="1" Y="5242"/>
        <UsageCount Value="8"/>
      </Unit53>
      <Unit54>
        <Filename Value="../../../../lazarus/lcl/lclmessageglue.pas"/>
        <UnitName Value="LCLMessageGlue"/>
        <WindowIndex Value="0"/>
        <TopLine Value="102"/>
        <CursorPos X="1" Y="121"/>
        <UsageCount Value="8"/>
      </Unit54>
      <Unit55>
        <Filename Value="../../../../lazarus/lcl/interfaces/gtk2/gtk2proc.inc"/>
        <WindowIndex Value="0"/>
        <TopLine Value="3515"/>
        <CursorPos X="1" Y="3531"/>
        <UsageCount Value="8"/>
      </Unit55>
      <Unit56>
        <Filename Value="../../../../lazarus/lcl/interfaces/gtk2/gtk2callback.inc"/>
        <WindowIndex Value="0"/>
        <TopLine Value="1159"/>
        <CursorPos X="1" Y="1174"/>
        <UsageCount Value="8"/>
      </Unit56>
      <Unit57>
        <Filename Value="../../../../Programy/Lazarus/0.9.31_2.4.3/fpc/2.4.3/source/rtl/objpas/classes/lists.inc"/>
        <EditorIndex Value="11"/>
        <WindowIndex Value="0"/>
        <TopLine Value="909"/>
        <CursorPos X="26" Y="917"/>
        <UsageCount Value="15"/>
        <Loaded Value="True"/>
      </Unit57>
      <Unit58>
        <Filename Value="../../../../Programy/Lazarus/0.9.31_2.4.3/lcl/interfaces/win32/win32callback.inc"/>
        <WindowIndex Value="0"/>
        <TopLine Value="1086"/>
        <CursorPos X="1" Y="1099"/>
        <UsageCount Value="12"/>
      </Unit58>
      <Unit59>
        <Filename Value="../../../../Programy/Lazarus/0.9.31_2.4.3/lcl/extctrls.pp"/>
        <UnitName Value="ExtCtrls"/>
        <WindowIndex Value="0"/>
        <TopLine Value="357"/>
        <CursorPos X="3" Y="370"/>
        <UsageCount Value="10"/>
      </Unit59>
      <Unit60>
        <Filename Value="../../../../Programy/Lazarus/0.9.31_2.4.3/lcl/customtimer.pas"/>
        <UnitName Value="CustomTimer"/>
        <WindowIndex Value="0"/>
        <TopLine Value="40"/>
        <CursorPos X="17" Y="53"/>
        <UsageCount Value="11"/>
      </Unit60>
      <Unit61>
        <Filename Value="../ReadMe.txt"/>
        <WindowIndex Value="0"/>
        <TopLine Value="1"/>
        <CursorPos X="17" Y="14"/>
        <UsageCount Value="9"/>
        <DefaultSyntaxHighlighter Value="None"/>
      </Unit61>
      <Unit62>
        <Filename Value="../../../../Programy/Lazarus/0.9.31_2.4.3/lcl/forms.pp"/>
        <UnitName Value="Forms"/>
        <WindowIndex Value="0"/>
        <TopLine Value="57"/>
        <CursorPos X="3" Y="70"/>
        <UsageCount Value="9"/>
      </Unit62>
      <Unit63>
        <Filename Value="../../../../Programy/Lazarus/0.9.31_2.4.3/fpc/2.4.3/source/rtl/objpas/sysutils/sysutilh.inc"/>
        <EditorIndex Value="8"/>
        <WindowIndex Value="0"/>
        <TopLine Value="1"/>
        <CursorPos X="55" Y="4"/>
        <UsageCount Value="16"/>
        <Loaded Value="True"/>
      </Unit63>
      <Unit64>
        <Filename Value="../../../../Programy/Lazarus/0.9.31_2.4.3/lcl/controls.pp"/>
        <UnitName Value="Controls"/>
        <EditorIndex Value="5"/>
        <WindowIndex Value="0"/>
        <TopLine Value="2660"/>
        <CursorPos X="1" Y="2673"/>
        <UsageCount Value="15"/>
        <Loaded Value="True"/>
      </Unit64>
    </Units>
    <JumpHistory Count="30" HistoryIndex="28">
      <Position1>
        <Filename Value="../UMicroThreading.pas"/>
        <Caret Line="773" Column="1" TopLine="760"/>
      </Position1>
      <Position2>
        <Filename Value="../UMicroThreading.pas"/>
        <Caret Line="774" Column="1" TopLine="760"/>
      </Position2>
      <Position3>
        <Filename Value="../UMicroThreading.pas"/>
        <Caret Line="772" Column="1" TopLine="760"/>
      </Position3>
      <Position4>
        <Filename Value="../UMicroThreading.pas"/>
        <Caret Line="773" Column="1" TopLine="760"/>
      </Position4>
      <Position5>
        <Filename Value="../UMicroThreading.pas"/>
        <Caret Line="774" Column="1" TopLine="760"/>
      </Position5>
      <Position6>
        <Filename Value="../UMicroThreading.pas"/>
        <Caret Line="772" Column="1" TopLine="760"/>
      </Position6>
      <Position7>
        <Filename Value="../UMicroThreading.pas"/>
        <Caret Line="773" Column="1" TopLine="760"/>
      </Position7>
      <Position8>
        <Filename Value="../UMicroThreading.pas"/>
        <Caret Line="774" Column="1" TopLine="760"/>
      </Position8>
      <Position9>
        <Filename Value="../UMicroThreading.pas"/>
        <Caret Line="772" Column="1" TopLine="760"/>
      </Position9>
      <Position10>
        <Filename Value="../UMicroThreading.pas"/>
        <Caret Line="773" Column="1" TopLine="760"/>
      </Position10>
      <Position11>
        <Filename Value="../UMicroThreading.pas"/>
        <Caret Line="774" Column="1" TopLine="760"/>
      </Position11>
      <Position12>
        <Filename Value="../UMicroThreading.pas"/>
        <Caret Line="772" Column="1" TopLine="760"/>
      </Position12>
      <Position13>
        <Filename Value="../UMicroThreading.pas"/>
        <Caret Line="773" Column="1" TopLine="760"/>
      </Position13>
      <Position14>
        <Filename Value="../UMicroThreading.pas"/>
        <Caret Line="774" Column="1" TopLine="760"/>
      </Position14>
      <Position15>
        <Filename Value="../UMicroThreading.pas"/>
        <Caret Line="772" Column="1" TopLine="760"/>
      </Position15>
      <Position16>
        <Filename Value="../UMicroThreading.pas"/>
        <Caret Line="773" Column="1" TopLine="760"/>
      </Position16>
      <Position17>
        <Filename Value="../UMicroThreading.pas"/>
        <Caret Line="774" Column="1" TopLine="760"/>
      </Position17>
      <Position18>
        <Filename Value="../UMicroThreading.pas"/>
        <Caret Line="772" Column="1" TopLine="760"/>
      </Position18>
      <Position19>
        <Filename Value="../UMicroThreading.pas"/>
        <Caret Line="773" Column="1" TopLine="760"/>
      </Position19>
      <Position20>
        <Filename Value="../UMicroThreading.pas"/>
        <Caret Line="774" Column="1" TopLine="760"/>
      </Position20>
      <Position21>
        <Filename Value="../UMicroThreading.pas"/>
        <Caret Line="772" Column="1" TopLine="760"/>
      </Position21>
      <Position22>
        <Filename Value="../UMicroThreading.pas"/>
        <Caret Line="773" Column="1" TopLine="760"/>
      </Position22>
      <Position23>
        <Filename Value="../UMicroThreading.pas"/>
        <Caret Line="774" Column="1" TopLine="760"/>
      </Position23>
      <Position24>
        <Filename Value="../UMicroThreading.pas"/>
        <Caret Line="810" Column="35" TopLine="796"/>
      </Position24>
      <Position25>
        <Filename Value="../../../../Programy/Lazarus/0.9.31_2.4.3/lcl/interfaces/win32/win32object.inc"/>
        <Caret Line="400" Column="1" TopLine="387"/>
      </Position25>
      <Position26>
        <Filename Value="../UMicroThreading.pas"/>
        <Caret Line="524" Column="9" TopLine="513"/>
      </Position26>
      <Position27>
        <Filename Value="../UMicroThreading.pas"/>
        <Caret Line="523" Column="1" TopLine="513"/>
      </Position27>
      <Position28>
        <Filename Value="../UMicroThreading.pas"/>
        <Caret Line="524" Column="1" TopLine="513"/>
      </Position28>
      <Position29>
        <Filename Value="../UMicroThreading.pas"/>
        <Caret Line="526" Column="1" TopLine="513"/>
      </Position29>
      <Position30>
        <Filename Value="../../../../Programy/Lazarus/0.9.31_2.4.3/lcl/interfaces/win32/win32object.inc"/>
        <Caret Line="400" Column="1" TopLine="387"/>
      </Position30>
    </JumpHistory>
  </ProjectOptions>
  <CompilerOptions>
    <Version Value="9"/>
    <Target>
      <Filename Value="Demo"/>
    </Target>
    <SearchPaths>
      <IncludeFiles Value="$(ProjOutDir)"/>
      <UnitOutputDirectory Value="lib/$(TargetCPU)-$(TargetOS)"/>
    </SearchPaths>
    <CodeGeneration>
      <Checks>
        <IOChecks Value="True"/>
        <RangeChecks Value="True"/>
        <OverflowChecks Value="True"/>
        <StackChecks Value="True"/>
      </Checks>
      <VerifyObjMethodCallValidity Value="True"/>
    </CodeGeneration>
    <Linking>
      <Debugging>
        <UseHeaptrc Value="True"/>
      </Debugging>
      <Options>
        <Win32>
          <GraphicApplication Value="True"/>
        </Win32>
      </Options>
    </Linking>
    <Other>
      <CompilerMessages>
        <UseMsgFile Value="True"/>
      </CompilerMessages>
      <CompilerPath Value="$(CompPath)"/>
    </Other>
  </CompilerOptions>
  <Debugging>
    <BreakPoints Count="1">
      <Item1>
        <Source Value="../UMicroThreading.pas"/>
        <Line Value="523"/>
      </Item1>
    </BreakPoints>
    <Watches Count="2">
      <Item1>
        <Expression Value="TMicroThread(MainForm.Scheduler.FMicroThreads[0]).FStackPointer"/>
      </Item1>
      <Item2>
        <Expression Value="TMicroThread(MainForm.Scheduler.FMicroThreads[0]).FBasePointer"/>
      </Item2>
    </Watches>
    <Exceptions Count="3">
      <Item1>
        <Name Value="EAbort"/>
      </Item1>
      <Item2>
        <Name Value="ECodetoolError"/>
      </Item2>
      <Item3>
        <Name Value="EFOpenError"/>
      </Item3>
    </Exceptions>
  </Debugging>
</CONFIG>
