<?xml version="1.0"?>
<CONFIG>
  <ProjectOptions>
    <PathDelim Value="\"/>
    <Version Value="7"/>
    <General>
      <Flags>
        <UseDefaultCompilerOptions Value="True"/>
      </Flags>
      <MainUnit Value="0"/>
      <TargetFileExt Value=".exe"/>
      <Title Value="Test"/>
      <ResourceType Value="res"/>
      <UseXPManifest Value="True"/>
      <Icon Value="0"/>
      <ActiveWindowIndexAtStart Value="0"/>
    </General>
    <VersionInfo>
      <Language Value=""/>
      <CharSet Value=""/>
      <StringTable Comments="" CompanyName="" FileDescription="" FileVersion="" InternalName="" LegalCopyright="" LegalTrademarks="" OriginalFilename="" ProductName="" ProductVersion=""/>
    </VersionInfo>
    <PublishOptions>
      <Version Value="2"/>
      <IgnoreBinaries Value="False"/>
      <IncludeFileFilter Value="*.(pas|pp|inc|lfm|lpr|lrs|lpi|lpk|sh|xml)"/>
      <ExcludeFileFilter Value="*.(bak|ppu|ppw|o|so);*~;backup"/>
    </PublishOptions>
    <RunParams>
      <local>
        <FormatVersion Value="1"/>
        <LaunchingApplication PathPlusParams="/usr/X11R6/bin/xterm -T 'Lazarus Run Output' -e $(LazarusDir)/tools/runwait.sh $(TargetCmdLine)"/>
      </local>
    </RunParams>
    <RequiredPackages Count="1">
      <Item1>
        <PackageName Value="LCL"/>
      </Item1>
    </RequiredPackages>
    <Units Count="21">
      <Unit0>
        <Filename Value="Test.lpr"/>
        <IsPartOfProject Value="True"/>
        <UnitName Value="Test"/>
        <UsageCount Value="20"/>
      </Unit0>
      <Unit1>
        <Filename Value="..\UMainForm.pas"/>
        <ComponentName Value="Form1"/>
        <ResourceBaseClass Value="Form"/>
        <UnitName Value="UMainForm"/>
        <WindowIndex Value="0"/>
        <TopLine Value="1"/>
        <CursorPos X="1" Y="1"/>
        <UsageCount Value="20"/>
        <DefaultSyntaxHighlighter Value="Delphi"/>
      </Unit1>
      <Unit2>
        <Filename Value="UMainForm.dfm"/>
        <WindowIndex Value="0"/>
        <TopLine Value="1"/>
        <CursorPos X="1" Y="1"/>
        <SyntaxHighlighter Value="LFM"/>
        <UsageCount Value="10"/>
        <DefaultSyntaxHighlighter Value="Text"/>
      </Unit2>
      <Unit3>
        <Filename Value="UMainForm.pas"/>
        <IsPartOfProject Value="True"/>
        <ComponentName Value="MainForm"/>
        <HasResources Value="True"/>
        <ResourceBaseClass Value="Form"/>
        <UnitName Value="UMainForm"/>
        <EditorIndex Value="3"/>
        <WindowIndex Value="0"/>
        <TopLine Value="74"/>
        <CursorPos X="75" Y="7"/>
        <SyntaxHighlighter Value="Delphi"/>
        <UsageCount Value="20"/>
        <Loaded Value="True"/>
        <DefaultSyntaxHighlighter Value="Text"/>
      </Unit3>
      <Unit4>
        <Filename Value="Level 2\UObjectString.pas"/>
        <IsPartOfProject Value="True"/>
        <UnitName Value="UObjectString"/>
        <WindowIndex Value="0"/>
        <TopLine Value="1"/>
        <CursorPos X="13" Y="6"/>
        <SyntaxHighlighter Value="Delphi"/>
        <UsageCount Value="20"/>
        <DefaultSyntaxHighlighter Value="Text"/>
      </Unit4>
      <Unit5>
        <Filename Value="Level 1\UObjectTypeBase.pas"/>
        <IsPartOfProject Value="True"/>
        <UnitName Value="UObjectTypeBase"/>
        <EditorIndex Value="7"/>
        <WindowIndex Value="0"/>
        <TopLine Value="1"/>
        <CursorPos X="31" Y="11"/>
        <SyntaxHighlighter Value="Delphi"/>
        <UsageCount Value="20"/>
        <Loaded Value="True"/>
        <DefaultSyntaxHighlighter Value="Text"/>
      </Unit5>
      <Unit6>
        <Filename Value="Level 1\UObjectBoolean.pas"/>
        <IsPartOfProject Value="True"/>
        <UnitName Value="UObjectBoolean"/>
        <EditorIndex Value="6"/>
        <WindowIndex Value="0"/>
        <TopLine Value="13"/>
        <CursorPos X="25" Y="7"/>
        <SyntaxHighlighter Value="Delphi"/>
        <UsageCount Value="20"/>
        <Loaded Value="True"/>
        <DefaultSyntaxHighlighter Value="Text"/>
      </Unit6>
      <Unit7>
        <Filename Value="Level 1\UObjectByte.pas"/>
        <IsPartOfProject Value="True"/>
        <UnitName Value="UObjectByte"/>
        <EditorIndex Value="4"/>
        <WindowIndex Value="0"/>
        <TopLine Value="1"/>
        <CursorPos X="53" Y="6"/>
        <SyntaxHighlighter Value="Delphi"/>
        <UsageCount Value="20"/>
        <Loaded Value="True"/>
        <DefaultSyntaxHighlighter Value="Text"/>
      </Unit7>
      <Unit8>
        <Filename Value="Level 1\UObjectDateTime.pas"/>
        <IsPartOfProject Value="True"/>
        <UnitName Value="UObjectDateTime"/>
        <UsageCount Value="20"/>
        <DefaultSyntaxHighlighter Value="Text"/>
      </Unit8>
      <Unit9>
        <Filename Value="Level 1\UObjectDouble.pas"/>
        <IsPartOfProject Value="True"/>
        <UnitName Value="UObjectDouble"/>
        <UsageCount Value="20"/>
        <DefaultSyntaxHighlighter Value="Text"/>
      </Unit9>
      <Unit10>
        <Filename Value="Level 1\UObjectChar.pas"/>
        <IsPartOfProject Value="True"/>
        <UnitName Value="UObjectChar"/>
        <UsageCount Value="20"/>
        <DefaultSyntaxHighlighter Value="Text"/>
      </Unit10>
      <Unit11>
        <Filename Value="Level 1\UObjectInteger.pas"/>
        <IsPartOfProject Value="True"/>
        <UnitName Value="UObjectInteger"/>
        <UsageCount Value="20"/>
        <DefaultSyntaxHighlighter Value="Text"/>
      </Unit11>
      <Unit12>
        <Filename Value="Level 2\UBitStream.pas"/>
        <IsPartOfProject Value="True"/>
        <UnitName Value="UBitStream"/>
        <IsVisibleTab Value="True"/>
        <EditorIndex Value="5"/>
        <WindowIndex Value="0"/>
        <TopLine Value="100"/>
        <CursorPos X="1" Y="114"/>
        <SyntaxHighlighter Value="Delphi"/>
        <UsageCount Value="20"/>
        <Loaded Value="True"/>
        <DefaultSyntaxHighlighter Value="Text"/>
      </Unit12>
      <Unit13>
        <Filename Value="Level 2\UFileSystem.pas"/>
        <IsPartOfProject Value="True"/>
        <UnitName Value="UFileSystem"/>
        <UsageCount Value="20"/>
        <DefaultSyntaxHighlighter Value="Text"/>
      </Unit13>
      <Unit14>
        <Filename Value="Level 2\UObjectPoint.pas"/>
        <IsPartOfProject Value="True"/>
        <UnitName Value="UObjectPoint"/>
        <UsageCount Value="20"/>
        <DefaultSyntaxHighlighter Value="Text"/>
      </Unit14>
      <Unit15>
        <Filename Value="Level 3\USystem.pas"/>
        <IsPartOfProject Value="True"/>
        <UnitName Value="USystem"/>
        <UsageCount Value="20"/>
        <DefaultSyntaxHighlighter Value="Text"/>
      </Unit15>
      <Unit16>
        <Filename Value="Level 3\UObjectStringList.pas"/>
        <IsPartOfProject Value="True"/>
        <UnitName Value="UObjectStringList"/>
        <UsageCount Value="20"/>
        <DefaultSyntaxHighlighter Value="Text"/>
      </Unit16>
      <Unit17>
        <Filename Value="UInterfacedBits.pas"/>
        <UnitName Value="UInterfacedBits"/>
        <WindowIndex Value="0"/>
        <TopLine Value="26"/>
        <CursorPos X="18" Y="51"/>
        <SyntaxHighlighter Value="Delphi"/>
        <UsageCount Value="10"/>
        <DefaultSyntaxHighlighter Value="Text"/>
      </Unit17>
      <Unit18>
        <Filename Value="E:\Programy\Lazarus_0.9.29\fpc\2.4.1\source\rtl\objpas\classes\classesh.inc"/>
        <EditorIndex Value="0"/>
        <WindowIndex Value="0"/>
        <TopLine Value="876"/>
        <CursorPos X="28" Y="894"/>
        <SyntaxHighlighter Value="FreePascal"/>
        <UsageCount Value="10"/>
        <Loaded Value="True"/>
        <DefaultSyntaxHighlighter Value="Text"/>
      </Unit18>
      <Unit19>
        <Filename Value="E:\Programy\Lazarus_0.9.29\fpc\2.4.1\source\rtl\objpas\classes\streams.inc"/>
        <EditorIndex Value="2"/>
        <WindowIndex Value="0"/>
        <TopLine Value="618"/>
        <CursorPos X="3" Y="621"/>
        <SyntaxHighlighter Value="FreePascal"/>
        <UsageCount Value="10"/>
        <Loaded Value="True"/>
        <DefaultSyntaxHighlighter Value="Text"/>
      </Unit19>
      <Unit20>
        <Filename Value="E:\Programy\Lazarus_0.9.29\fpc\2.4.1\source\rtl\objpas\classes\bits.inc"/>
        <EditorIndex Value="1"/>
        <WindowIndex Value="0"/>
        <TopLine Value="243"/>
        <CursorPos X="4" Y="248"/>
        <SyntaxHighlighter Value="FreePascal"/>
        <UsageCount Value="10"/>
        <Loaded Value="True"/>
        <DefaultSyntaxHighlighter Value="Text"/>
      </Unit20>
    </Units>
    <JumpHistory Count="30" HistoryIndex="29">
      <Position1>
        <Filename Value="Level 1\UObjectByte.pas"/>
        <Caret Line="17" Column="1" TopLine="3"/>
      </Position1>
      <Position2>
        <Filename Value="Level 1\UObjectByte.pas"/>
        <Caret Line="39" Column="1" TopLine="25"/>
      </Position2>
      <Position3>
        <Filename Value="Level 2\UBitStream.pas"/>
        <Caret Line="1" Column="7" TopLine="1"/>
      </Position3>
      <Position4>
        <Filename Value="Level 2\UBitStream.pas"/>
        <Caret Line="21" Column="20" TopLine="7"/>
      </Position4>
      <Position5>
        <Filename Value="Level 2\UBitStream.pas"/>
        <Caret Line="33" Column="47" TopLine="8"/>
      </Position5>
      <Position6>
        <Filename Value="Level 2\UBitStream.pas"/>
        <Caret Line="22" Column="22" TopLine="14"/>
      </Position6>
      <Position7>
        <Filename Value="Level 2\UBitStream.pas"/>
        <Caret Line="35" Column="1" TopLine="15"/>
      </Position7>
      <Position8>
        <Filename Value="Level 2\UBitStream.pas"/>
        <Caret Line="36" Column="64" TopLine="16"/>
      </Position8>
      <Position9>
        <Filename Value="Level 2\UBitStream.pas"/>
        <Caret Line="15" Column="6" TopLine="5"/>
      </Position9>
      <Position10>
        <Filename Value="Level 2\UBitStream.pas"/>
        <Caret Line="13" Column="27" TopLine="1"/>
      </Position10>
      <Position11>
        <Filename Value="Level 2\UBitStream.pas"/>
        <Caret Line="69" Column="19" TopLine="66"/>
      </Position11>
      <Position12>
        <Filename Value="Level 2\UBitStream.pas"/>
        <Caret Line="15" Column="24" TopLine="9"/>
      </Position12>
      <Position13>
        <Filename Value="Level 2\UBitStream.pas"/>
        <Caret Line="34" Column="28" TopLine="12"/>
      </Position13>
      <Position14>
        <Filename Value="E:\Programy\Lazarus_0.9.29\fpc\2.4.1\source\rtl\objpas\classes\classesh.inc"/>
        <Caret Line="1" Column="22" TopLine="1"/>
      </Position14>
      <Position15>
        <Filename Value="Level 2\UBitStream.pas"/>
        <Caret Line="13" Column="52" TopLine="2"/>
      </Position15>
      <Position16>
        <Filename Value="Level 1\UObjectTypeBase.pas"/>
        <Caret Line="20" Column="40" TopLine="1"/>
      </Position16>
      <Position17>
        <Filename Value="Level 2\UBitStream.pas"/>
        <Caret Line="13" Column="52" TopLine="2"/>
      </Position17>
      <Position18>
        <Filename Value="Level 2\UBitStream.pas"/>
        <Caret Line="8" Column="64" TopLine="1"/>
      </Position18>
      <Position19>
        <Filename Value="Level 2\UBitStream.pas"/>
        <Caret Line="37" Column="49" TopLine="30"/>
      </Position19>
      <Position20>
        <Filename Value="Level 2\UBitStream.pas"/>
        <Caret Line="140" Column="3" TopLine="127"/>
      </Position20>
      <Position21>
        <Filename Value="Level 2\UBitStream.pas"/>
        <Caret Line="8" Column="54" TopLine="1"/>
      </Position21>
      <Position22>
        <Filename Value="Level 2\UBitStream.pas"/>
        <Caret Line="38" Column="14" TopLine="24"/>
      </Position22>
      <Position23>
        <Filename Value="Level 2\UBitStream.pas"/>
        <Caret Line="45" Column="52" TopLine="31"/>
      </Position23>
      <Position24>
        <Filename Value="Level 2\UBitStream.pas"/>
        <Caret Line="21" Column="50" TopLine="4"/>
      </Position24>
      <Position25>
        <Filename Value="Level 2\UBitStream.pas"/>
        <Caret Line="53" Column="50" TopLine="39"/>
      </Position25>
      <Position26>
        <Filename Value="Level 2\UBitStream.pas"/>
        <Caret Line="68" Column="63" TopLine="54"/>
      </Position26>
      <Position27>
        <Filename Value="Level 2\UBitStream.pas"/>
        <Caret Line="142" Column="12" TopLine="118"/>
      </Position27>
      <Position28>
        <Filename Value="Level 2\UBitStream.pas"/>
        <Caret Line="15" Column="27" TopLine="13"/>
      </Position28>
      <Position29>
        <Filename Value="Level 2\UBitStream.pas"/>
        <Caret Line="142" Column="54" TopLine="128"/>
      </Position29>
      <Position30>
        <Filename Value="Level 2\UBitStream.pas"/>
        <Caret Line="32" Column="1" TopLine="18"/>
      </Position30>
    </JumpHistory>
  </ProjectOptions>
  <CompilerOptions>
    <Version Value="8"/>
    <PathDelim Value="\"/>
    <SearchPaths>
      <IncludeFiles Value="$(ProjOutDir)\"/>
      <OtherUnitFiles Value="..\Comm\;..\DockForms\;..\Forms\;Level 2\;Level 1\;Level 3\"/>
      <UnitOutputDirectory Value="lib\$(TargetCPU)-$(TargetOS)"/>
    </SearchPaths>
    <Parsing>
      <SyntaxOptions>
        <SyntaxMode Value="Delphi"/>
        <UseAnsiStrings Value="True"/>
      </SyntaxOptions>
    </Parsing>
    <CodeGeneration>
      <Checks>
        <IOChecks Value="True"/>
        <RangeChecks Value="True"/>
        <OverflowChecks Value="True"/>
      </Checks>
    </CodeGeneration>
    <Other>
      <CompilerPath Value="$(CompPath)"/>
    </Other>
  </CompilerOptions>
  <Debugging>
    <Exceptions Count="3">
      <Item1>
        <Name Value="EAbort"/>
      </Item1>
      <Item2>
        <Name Value="ECodetoolError"/>
      </Item2>
      <Item3>
        <Name Value="EFOpenError"/>
      </Item3>
    </Exceptions>
  </Debugging>
</CONFIG>
