<?xml version="1.0"?>
<CONFIG>
  <ProjectOptions>
    <Version Value="9"/>
    <General>
      <MainUnit Value="0"/>
      <ResourceType Value="res"/>
      <UseXPManifest Value="True"/>
      <Icon Value="0"/>
      <ActiveWindowIndexAtStart Value="0"/>
    </General>
    <i18n>
      <EnableI18N LFM="False"/>
    </i18n>
    <VersionInfo>
      <StringTable ProductVersion=""/>
    </VersionInfo>
    <BuildModes Count="1" Active="Default">
      <Item1 Name="Default" Default="True"/>
    </BuildModes>
    <PublishOptions>
      <Version Value="2"/>
      <IncludeFileFilter Value="*.(pas|pp|inc|lfm|lpr|lrs|lpi|lpk|sh|xml)"/>
      <ExcludeFileFilter Value="*.(bak|ppu|o|so);*~;backup"/>
    </PublishOptions>
    <RunParams>
      <local>
        <FormatVersion Value="1"/>
        <LaunchingApplication PathPlusParams="/usr/bin/xterm -T 'Lazarus Run Output' -e $(LazarusDir)/tools/runwait.sh $(TargetCmdLine)"/>
      </local>
    </RunParams>
    <RequiredPackages Count="2">
      <Item1>
        <PackageName Value="LCLBase"/>
        <MinVersion Major="1" Release="1" Valid="True"/>
      </Item1>
      <Item2>
        <PackageName Value="LCL"/>
      </Item2>
    </RequiredPackages>
    <Units Count="17">
      <Unit0>
        <Filename Value="GraphicTest.lpr"/>
        <IsPartOfProject Value="True"/>
        <UnitName Value="GraphicTest"/>
        <WindowIndex Value="0"/>
        <TopLine Value="1"/>
        <CursorPos X="17" Y="3"/>
        <UsageCount Value="26"/>
      </Unit0>
      <Unit1>
        <Filename Value="UMainForm.pas"/>
        <IsPartOfProject Value="True"/>
        <ComponentName Value="MainForm"/>
        <ResourceBaseClass Value="Form"/>
        <UnitName Value="UMainForm"/>
        <IsVisibleTab Value="True"/>
        <EditorIndex Value="0"/>
        <WindowIndex Value="0"/>
        <TopLine Value="325"/>
        <CursorPos X="7" Y="335"/>
        <UsageCount Value="26"/>
        <Loaded Value="True"/>
        <LoadedDesigner Value="True"/>
      </Unit1>
      <Unit2>
        <Filename Value="StopWatch.pas"/>
        <UnitName Value="StopWatch"/>
        <WindowIndex Value="0"/>
        <TopLine Value="1"/>
        <CursorPos X="42" Y="22"/>
        <UsageCount Value="19"/>
      </Unit2>
      <Unit3>
        <Filename Value="UPlatform.pas"/>
        <IsPartOfProject Value="True"/>
        <UnitName Value="UPlatform"/>
        <EditorIndex Value="13"/>
        <WindowIndex Value="0"/>
        <TopLine Value="43"/>
        <CursorPos X="1" Y="1"/>
        <UsageCount Value="26"/>
        <Loaded Value="True"/>
      </Unit3>
      <Unit4>
        <Filename Value="../../lazarus/lcl/intfgraphics.pas"/>
        <UnitName Value="IntfGraphics"/>
        <EditorIndex Value="7"/>
        <WindowIndex Value="0"/>
        <TopLine Value="244"/>
        <CursorPos X="49" Y="262"/>
        <UsageCount Value="13"/>
        <Loaded Value="True"/>
      </Unit4>
      <Unit5>
        <Filename Value="/usr/share/fpcsrc/2.4.0/packages/fcl-image/src/fpimage.pp"/>
        <UnitName Value="FPimage"/>
        <EditorIndex Value="4"/>
        <WindowIndex Value="0"/>
        <TopLine Value="121"/>
        <CursorPos X="57" Y="142"/>
        <UsageCount Value="13"/>
        <Loaded Value="True"/>
      </Unit5>
      <Unit6>
        <Filename Value="../../lazarus/lcl/include/lclintfh.inc"/>
        <EditorIndex Value="9"/>
        <WindowIndex Value="0"/>
        <TopLine Value="85"/>
        <CursorPos X="10" Y="102"/>
        <UsageCount Value="13"/>
        <Loaded Value="True"/>
      </Unit6>
      <Unit7>
        <Filename Value="../../lazarus/lcl/include/lclintf.inc"/>
        <EditorIndex Value="10"/>
        <WindowIndex Value="0"/>
        <TopLine Value="153"/>
        <CursorPos X="1" Y="160"/>
        <UsageCount Value="13"/>
        <Loaded Value="True"/>
      </Unit7>
      <Unit8>
        <Filename Value="../../lazarus/lcl/graphics.pp"/>
        <UnitName Value="Graphics"/>
        <EditorIndex Value="2"/>
        <WindowIndex Value="0"/>
        <TopLine Value="1282"/>
        <CursorPos X="15" Y="1299"/>
        <UsageCount Value="13"/>
        <Loaded Value="True"/>
      </Unit8>
      <Unit9>
        <Filename Value="../../lazarus/lcl/include/rasterimage.inc"/>
        <EditorIndex Value="3"/>
        <WindowIndex Value="0"/>
        <TopLine Value="546"/>
        <CursorPos X="11" Y="553"/>
        <UsageCount Value="13"/>
        <Loaded Value="True"/>
      </Unit9>
      <Unit10>
        <Filename Value="../../lazarus/lcl/include/picture.inc"/>
        <WindowIndex Value="0"/>
        <TopLine Value="389"/>
        <CursorPos X="1" Y="411"/>
        <UsageCount Value="10"/>
      </Unit10>
      <Unit11>
        <Filename Value="../../lazarus/lcl/interfaces/gtk2/gtk2lclintf.inc"/>
        <EditorIndex Value="11"/>
        <WindowIndex Value="0"/>
        <TopLine Value="444"/>
        <CursorPos X="1" Y="461"/>
        <UsageCount Value="13"/>
        <Loaded Value="True"/>
      </Unit11>
      <Unit12>
        <Filename Value="/usr/share/fpcsrc/2.4.0/packages/gtk2/src/gtk+/gdk/gdkimage.inc"/>
        <EditorIndex Value="12"/>
        <WindowIndex Value="0"/>
        <TopLine Value="14"/>
        <CursorPos X="24" Y="21"/>
        <UsageCount Value="13"/>
        <Loaded Value="True"/>
      </Unit12>
      <Unit13>
        <Filename Value="/usr/share/fpcsrc/2.4.0/packages/fcl-image/src/fpimage.inc"/>
        <EditorIndex Value="6"/>
        <WindowIndex Value="0"/>
        <TopLine Value="313"/>
        <CursorPos X="24" Y="316"/>
        <UsageCount Value="13"/>
        <Loaded Value="True"/>
      </Unit13>
      <Unit14>
        <Filename Value="/usr/share/fpcsrc/2.4.0/packages/fcl-image/src/fppalette.inc"/>
        <EditorIndex Value="5"/>
        <WindowIndex Value="0"/>
        <TopLine Value="149"/>
        <CursorPos X="3" Y="151"/>
        <UsageCount Value="13"/>
        <Loaded Value="True"/>
      </Unit14>
      <Unit15>
        <Filename Value="../../lazarus/lcl/graphtype.pp"/>
        <UnitName Value="GraphType"/>
        <EditorIndex Value="8"/>
        <WindowIndex Value="0"/>
        <TopLine Value="171"/>
        <CursorPos X="3" Y="188"/>
        <UsageCount Value="12"/>
        <Loaded Value="True"/>
      </Unit15>
      <Unit16>
        <Filename Value="/usr/share/fpcsrc/2.4.0/rtl/inc/systemh.inc"/>
        <EditorIndex Value="1"/>
        <WindowIndex Value="0"/>
        <TopLine Value="300"/>
        <CursorPos X="3" Y="317"/>
        <UsageCount Value="10"/>
        <Loaded Value="True"/>
      </Unit16>
    </Units>
    <JumpHistory Count="30" HistoryIndex="29">
      <Position1>
        <Filename Value="../../lazarus/lcl/graphtype.pp"/>
        <Caret Line="188" Column="12" TopLine="173"/>
      </Position1>
      <Position2>
        <Filename Value="UMainForm.pas"/>
        <Caret Line="278" Column="30" TopLine="253"/>
      </Position2>
      <Position3>
        <Filename Value="UMainForm.pas"/>
        <Caret Line="265" Column="6" TopLine="253"/>
      </Position3>
      <Position4>
        <Filename Value="UMainForm.pas"/>
        <Caret Line="272" Column="42" TopLine="256"/>
      </Position4>
      <Position5>
        <Filename Value="UMainForm.pas"/>
        <Caret Line="278" Column="54" TopLine="256"/>
      </Position5>
      <Position6>
        <Filename Value="UMainForm.pas"/>
        <Caret Line="277" Column="54" TopLine="255"/>
      </Position6>
      <Position7>
        <Filename Value="UMainForm.pas"/>
        <Caret Line="254" Column="27" TopLine="231"/>
      </Position7>
      <Position8>
        <Filename Value="UMainForm.pas"/>
        <Caret Line="281" Column="13" TopLine="264"/>
      </Position8>
      <Position9>
        <Filename Value="UMainForm.pas"/>
        <Caret Line="286" Column="1" TopLine="260"/>
      </Position9>
      <Position10>
        <Filename Value="UMainForm.pas"/>
        <Caret Line="279" Column="42" TopLine="253"/>
      </Position10>
      <Position11>
        <Filename Value="UMainForm.pas"/>
        <Caret Line="10" Column="18" TopLine="1"/>
      </Position11>
      <Position12>
        <Filename Value="UMainForm.pas"/>
        <Caret Line="282" Column="40" TopLine="260"/>
      </Position12>
      <Position13>
        <Filename Value="UMainForm.pas"/>
        <Caret Line="10" Column="27" TopLine="1"/>
      </Position13>
      <Position14>
        <Filename Value="UMainForm.pas"/>
        <Caret Line="60" Column="36" TopLine="36"/>
      </Position14>
      <Position15>
        <Filename Value="UMainForm.pas"/>
        <Caret Line="168" Column="9" TopLine="166"/>
      </Position15>
      <Position16>
        <Filename Value="UMainForm.pas"/>
        <Caret Line="293" Column="1" TopLine="270"/>
      </Position16>
      <Position17>
        <Filename Value="UMainForm.pas"/>
        <Caret Line="119" Column="46" TopLine="102"/>
      </Position17>
      <Position18>
        <Filename Value="UMainForm.pas"/>
        <Caret Line="135" Column="78" TopLine="118"/>
      </Position18>
      <Position19>
        <Filename Value="UMainForm.pas"/>
        <Caret Line="183" Column="1" TopLine="166"/>
      </Position19>
      <Position20>
        <Filename Value="UMainForm.pas"/>
        <Caret Line="311" Column="7" TopLine="278"/>
      </Position20>
      <Position21>
        <Filename Value="UMainForm.pas"/>
        <Caret Line="202" Column="1" TopLine="185"/>
      </Position21>
      <Position22>
        <Filename Value="UMainForm.pas"/>
        <Caret Line="228" Column="1" TopLine="211"/>
      </Position22>
      <Position23>
        <Filename Value="UMainForm.pas"/>
        <Caret Line="252" Column="1" TopLine="235"/>
      </Position23>
      <Position24>
        <Filename Value="UMainForm.pas"/>
        <Caret Line="290" Column="3" TopLine="277"/>
      </Position24>
      <Position25>
        <Filename Value="UMainForm.pas"/>
        <Caret Line="302" Column="30" TopLine="277"/>
      </Position25>
      <Position26>
        <Filename Value="UMainForm.pas"/>
        <Caret Line="297" Column="62" TopLine="280"/>
      </Position26>
      <Position27>
        <Filename Value="UMainForm.pas"/>
        <Caret Line="301" Column="17" TopLine="280"/>
      </Position27>
      <Position28>
        <Filename Value="UMainForm.pas"/>
        <Caret Line="132" Column="38" TopLine="115"/>
      </Position28>
      <Position29>
        <Filename Value="UMainForm.pas"/>
        <Caret Line="347" Column="19" TopLine="325"/>
      </Position29>
      <Position30>
        <Filename Value="UMainForm.pas"/>
        <Caret Line="144" Column="1" TopLine="114"/>
      </Position30>
    </JumpHistory>
  </ProjectOptions>
  <CompilerOptions>
    <Version Value="10"/>
    <Target>
      <Filename Value="GraphicTest"/>
    </Target>
    <SearchPaths>
      <IncludeFiles Value="$(ProjOutDir)"/>
      <UnitOutputDirectory Value="lib/$(TargetCPU)-$(TargetOS)"/>
    </SearchPaths>
    <Linking>
      <Options>
        <Win32>
          <GraphicApplication Value="True"/>
        </Win32>
      </Options>
    </Linking>
    <Other>
      <CompilerPath Value="$(CompPath)"/>
    </Other>
  </CompilerOptions>
  <Debugging>
    <Exceptions Count="3">
      <Item1>
        <Name Value="EAbort"/>
      </Item1>
      <Item2>
        <Name Value="ECodetoolError"/>
      </Item2>
      <Item3>
        <Name Value="EFOpenError"/>
      </Item3>
    </Exceptions>
  </Debugging>
</CONFIG>
